// !$*UTF8*$!
{
	archiveVersion = 1;
	classes = {
	};
	objectVersion = 51;
	objects = {

/* Begin PBXBuildFile section */
		8EC805BBEF5316A9FD1E7FD5 /* Pods_SoundCloud.framework in Frameworks */ = {isa = PBXBuildFile; fileRef = 63F110FA1BCA958983F5DADA /* Pods_SoundCloud.framework */; };
		CF048BE325AC9CD300914BD6 /* SettingHeaderView.swift in Sources */ = {isa = PBXBuildFile; fileRef = CF048BE225AC9CD300914BD6 /* SettingHeaderView.swift */; };
		CF048BE625AC9CDC00914BD6 /* SettingFooterView.swift in Sources */ = {isa = PBXBuildFile; fileRef = CF048BE525AC9CDC00914BD6 /* SettingFooterView.swift */; };
		CF0A576D25AEB162008050F1 /* LibraryTableViewCell.swift in Sources */ = {isa = PBXBuildFile; fileRef = CF0A576C25AEB162008050F1 /* LibraryTableViewCell.swift */; };
		CF0A577025AEB193008050F1 /* CreateYourLibraryTableView.swift in Sources */ = {isa = PBXBuildFile; fileRef = CF0A576F25AEB193008050F1 /* CreateYourLibraryTableView.swift */; };
		CF0A577325AEB370008050F1 /* EmptyPlayListSong.swift in Sources */ = {isa = PBXBuildFile; fileRef = CF0A577225AEB370008050F1 /* EmptyPlayListSong.swift */; };
		CF0A577625AEB48F008050F1 /* YourPlayList.swift in Sources */ = {isa = PBXBuildFile; fileRef = CF0A577525AEB48F008050F1 /* YourPlayList.swift */; };
		CF0B0CAB25A4B28B007689B6 /* APIConfig.swift in Sources */ = {isa = PBXBuildFile; fileRef = CF0B0CA625A4B28B007689B6 /* APIConfig.swift */; };
		CF0B0CAC25A4B28B007689B6 /* APIResponse.swift in Sources */ = {isa = PBXBuildFile; fileRef = CF0B0CA725A4B28B007689B6 /* APIResponse.swift */; };
		CF0B0CAD25A4B28B007689B6 /* EndPointType.swift in Sources */ = {isa = PBXBuildFile; fileRef = CF0B0CA825A4B28B007689B6 /* EndPointType.swift */; };
		CF0B0CAE25A4B28B007689B6 /* ServiceErrorAPI.swift in Sources */ = {isa = PBXBuildFile; fileRef = CF0B0CA925A4B28B007689B6 /* ServiceErrorAPI.swift */; };
		CF0B0CAF25A4B28B007689B6 /* APIService.swift in Sources */ = {isa = PBXBuildFile; fileRef = CF0B0CAA25A4B28B007689B6 /* APIService.swift */; };
		CF0B0CB325A4B2B6007689B6 /* SongEndPoint.swift in Sources */ = {isa = PBXBuildFile; fileRef = CF0B0CB225A4B2B6007689B6 /* SongEndPoint.swift */; };
		CF0B0CB625A4B34D007689B6 /* SongTrack.swift in Sources */ = {isa = PBXBuildFile; fileRef = CF0B0CB525A4B34D007689B6 /* SongTrack.swift */; };
		CF0DEF4025AB085C004AA0DA /* SettingTableViewCell.swift in Sources */ = {isa = PBXBuildFile; fileRef = CF0DEF3F25AB085C004AA0DA /* SettingTableViewCell.swift */; };
		CF0E9586259B219A0077AB65 /* SignUpViewController.swift in Sources */ = {isa = PBXBuildFile; fileRef = CF0E9585259B219A0077AB65 /* SignUpViewController.swift */; };
		CF1E99E525AB3A5B005E8DE1 /* SettingViewModel.swift in Sources */ = {isa = PBXBuildFile; fileRef = CF1E99E425AB3A5B005E8DE1 /* SettingViewModel.swift */; };
		CF26D8922590BBB5004B2EF9 /* YourLibraryViewController.swift in Sources */ = {isa = PBXBuildFile; fileRef = CF26D8912590BBB5004B2EF9 /* YourLibraryViewController.swift */; };
		CF3912AF259B377300979DA4 /* ViewPlaySong.swift in Sources */ = {isa = PBXBuildFile; fileRef = CF3912AE259B377300979DA4 /* ViewPlaySong.swift */; };
		CF3912B2259B38B900979DA4 /* MusicPlayer.swift in Sources */ = {isa = PBXBuildFile; fileRef = CF3912B1259B38B900979DA4 /* MusicPlayer.swift */; };
		CF3912B5259B38FA00979DA4 /* BaseConfig.swift in Sources */ = {isa = PBXBuildFile; fileRef = CF3912B4259B38FA00979DA4 /* BaseConfig.swift */; };
		CF40F45A25996F18009BFF6C /* LoginViewController.swift in Sources */ = {isa = PBXBuildFile; fileRef = CF40F45925996F18009BFF6C /* LoginViewController.swift */; };
		CF40F45D25996FCB009BFF6C /* TitleTextField.swift in Sources */ = {isa = PBXBuildFile; fileRef = CF40F45C25996FCB009BFF6C /* TitleTextField.swift */; };
		CF40F46025996FFD009BFF6C /* BaseView.swift in Sources */ = {isa = PBXBuildFile; fileRef = CF40F45F25996FFD009BFF6C /* BaseView.swift */; };
		CF418C6B25B087C1002299F6 /* Artist.swift in Sources */ = {isa = PBXBuildFile; fileRef = CF418C6A25B087C1002299F6 /* Artist.swift */; };
		CF418C6F25B09704002299F6 /* LikeSongViewController.swift in Sources */ = {isa = PBXBuildFile; fileRef = CF418C6E25B09704002299F6 /* LikeSongViewController.swift */; };
		CF45964E251B9C590062158D /* BaseViewController.swift in Sources */ = {isa = PBXBuildFile; fileRef = CF45964D251B9C590062158D /* BaseViewController.swift */; };
		CF459650251B9C7E0062158D /* BaseCollectionViewHeaderFooterCell.swift in Sources */ = {isa = PBXBuildFile; fileRef = CF45964F251B9C7E0062158D /* BaseCollectionViewHeaderFooterCell.swift */; };
		CF459652251B9CAD0062158D /* BaseCollectionViewCell.swift in Sources */ = {isa = PBXBuildFile; fileRef = CF459651251B9CAD0062158D /* BaseCollectionViewCell.swift */; };
		CF459654251B9CD60062158D /* BaseTableViewCell.swift in Sources */ = {isa = PBXBuildFile; fileRef = CF459653251B9CD60062158D /* BaseTableViewCell.swift */; };
		CF459656251B9CF00062158D /* BaseTableViewHeaderFooter.swift in Sources */ = {isa = PBXBuildFile; fileRef = CF459655251B9CF00062158D /* BaseTableViewHeaderFooter.swift */; };
		CF4942A725A021F1008436C0 /* UIImageView+Extension.swift in Sources */ = {isa = PBXBuildFile; fileRef = CF4942A625A021F1008436C0 /* UIImageView+Extension.swift */; };
		CF4942AD25A03265008436C0 /* UILabel+Extension.swift in Sources */ = {isa = PBXBuildFile; fileRef = CF4942AC25A03265008436C0 /* UILabel+Extension.swift */; };
		CF542E8825AE96350013D862 /* UIView+Extension.swift in Sources */ = {isa = PBXBuildFile; fileRef = CF542E8725AE96350013D862 /* UIView+Extension.swift */; };
		CF551ECC259F66C4004D2C3B /* AnimatePlayVCHelper.swift in Sources */ = {isa = PBXBuildFile; fileRef = CF551ECB259F66C4004D2C3B /* AnimatePlayVCHelper.swift */; };
		CF551ECF259F671F004D2C3B /* DetailViewPlaySong.swift in Sources */ = {isa = PBXBuildFile; fileRef = CF551ECE259F671F004D2C3B /* DetailViewPlaySong.swift */; };
		CF551ED2259F6748004D2C3B /* BaseDetailSongMusic.swift in Sources */ = {isa = PBXBuildFile; fileRef = CF551ED1259F6748004D2C3B /* BaseDetailSongMusic.swift */; };
		CF551ED5259F6775004D2C3B /* DishSongCellCollectionViewCell.swift in Sources */ = {isa = PBXBuildFile; fileRef = CF551ED4259F6775004D2C3B /* DishSongCellCollectionViewCell.swift */; };
		CF6165B725B030380024AEE5 /* SettingProfileViewController.swift in Sources */ = {isa = PBXBuildFile; fileRef = CF6165B625B030380024AEE5 /* SettingProfileViewController.swift */; };
		CF646059251B905D00C03F2D /* AppDelegate.swift in Sources */ = {isa = PBXBuildFile; fileRef = CF646058251B905D00C03F2D /* AppDelegate.swift */; };
		CF646065251B905E00C03F2D /* LaunchScreen.storyboard in Resources */ = {isa = PBXBuildFile; fileRef = CF646063251B905E00C03F2D /* LaunchScreen.storyboard */; };
		CF646089251B90DE00C03F2D /* HomeViewController.swift in Sources */ = {isa = PBXBuildFile; fileRef = CF646088251B90DE00C03F2D /* HomeViewController.swift */; };
		CF646090251B952D00C03F2D /* UIColor+Extension.swift in Sources */ = {isa = PBXBuildFile; fileRef = CF64608F251B952D00C03F2D /* UIColor+Extension.swift */; };
		CF646092251B954600C03F2D /* UICollectionView+Extension.swift in Sources */ = {isa = PBXBuildFile; fileRef = CF646091251B954600C03F2D /* UICollectionView+Extension.swift */; };
		CF646094251B95AA00C03F2D /* Array+Extention.swift in Sources */ = {isa = PBXBuildFile; fileRef = CF646093251B95AA00C03F2D /* Array+Extention.swift */; };
		CF646096251B95C100C03F2D /* UIFont+Extension.swift in Sources */ = {isa = PBXBuildFile; fileRef = CF646095251B95C100C03F2D /* UIFont+Extension.swift */; };
		CF646098251B95CF00C03F2D /* UITableView+Extension.swift in Sources */ = {isa = PBXBuildFile; fileRef = CF646097251B95CE00C03F2D /* UITableView+Extension.swift */; };
		CF64609B251B972D00C03F2D /* ImageManager.swift in Sources */ = {isa = PBXBuildFile; fileRef = CF64609A251B972D00C03F2D /* ImageManager.swift */; };
		CF64609D251B974B00C03F2D /* TextManager.swift in Sources */ = {isa = PBXBuildFile; fileRef = CF64609C251B974B00C03F2D /* TextManager.swift */; };
		CF7222E8251B9E7D00F22E0F /* Dimensions.swift in Sources */ = {isa = PBXBuildFile; fileRef = CF7222E7251B9E7D00F22E0F /* Dimensions.swift */; };
		CF7E496325AF320D004C97CD /* CreateYourPlayListViewController.swift in Sources */ = {isa = PBXBuildFile; fileRef = CF7E496225AF320D004C97CD /* CreateYourPlayListViewController.swift */; };
		CF85478E25AD3C1C000595A3 /* VerifyOTPViewController.swift in Sources */ = {isa = PBXBuildFile; fileRef = CF85478D25AD3C1C000595A3 /* VerifyOTPViewController.swift */; };
		CF894A9525B2782D009EBE50 /* PlayListViewController.swift in Sources */ = {isa = PBXBuildFile; fileRef = CF894A9425B2782D009EBE50 /* PlayListViewController.swift */; };
		CF894AAC25B2877F009EBE50 /* PlayList.swift in Sources */ = {isa = PBXBuildFile; fileRef = CF894AAB25B2877F009EBE50 /* PlayList.swift */; };
		CF894AB025B28A53009EBE50 /* SectionHome.swift in Sources */ = {isa = PBXBuildFile; fileRef = CF894AAF25B28A53009EBE50 /* SectionHome.swift */; };
		CF9A36B72590F170005323CE /* StackView+Extension.swift in Sources */ = {isa = PBXBuildFile; fileRef = CF9A36B62590F170005323CE /* StackView+Extension.swift */; };
		CFA11DBB259F3DE700AE3843 /* AppRouters.swift in Sources */ = {isa = PBXBuildFile; fileRef = CFA11DBA259F3DE700AE3843 /* AppRouters.swift */; };
		CFA11DBE259F3E5E00AE3843 /* UIViewController+Extenstion.swift in Sources */ = {isa = PBXBuildFile; fileRef = CFA11DBD259F3E5E00AE3843 /* UIViewController+Extenstion.swift */; };
		CFA11DC4259F43BB00AE3843 /* SettingViewController.swift in Sources */ = {isa = PBXBuildFile; fileRef = CFA11DC3259F43BB00AE3843 /* SettingViewController.swift */; };
		CFA52AB8258F542900439E54 /* data.json in Resources */ = {isa = PBXBuildFile; fileRef = CFA52AB7258F542900439E54 /* data.json */; };
		CFB07A39259188E6008FD3AB /* AlbumViewController.swift in Sources */ = {isa = PBXBuildFile; fileRef = CFB07A38259188E6008FD3AB /* AlbumViewController.swift */; };
		CFB07A3D25918925008FD3AB /* HeaderViewCollectionReusableView.swift in Sources */ = {isa = PBXBuildFile; fileRef = CFB07A3C25918925008FD3AB /* HeaderViewCollectionReusableView.swift */; };
		CFB07A542591A48C008FD3AB /* SongCollectionViewCell.swift in Sources */ = {isa = PBXBuildFile; fileRef = CFB07A532591A48C008FD3AB /* SongCollectionViewCell.swift */; };
		CFB1AA1925ADF0D800356B26 /* SearchSongViewController.swift in Sources */ = {isa = PBXBuildFile; fileRef = CFB1AA1825ADF0D800356B26 /* SearchSongViewController.swift */; };
		CFBB192A259B289100CA58A1 /* AppConfig.swift in Sources */ = {isa = PBXBuildFile; fileRef = CFBB1929259B289100CA58A1 /* AppConfig.swift */; };
		CFBB192D259B28CA00CA58A1 /* String+Extension.swift in Sources */ = {isa = PBXBuildFile; fileRef = CFBB192C259B28CA00CA58A1 /* String+Extension.swift */; };
		CFBB1930259B297E00CA58A1 /* Date+Extension.swift in Sources */ = {isa = PBXBuildFile; fileRef = CFBB192F259B297E00CA58A1 /* Date+Extension.swift */; };
		CFBED1822589B63500F19CD7 /* PaddingTextField.swift in Sources */ = {isa = PBXBuildFile; fileRef = CFBED1812589B63500F19CD7 /* PaddingTextField.swift */; };
		CFBED1862589C3E000F19CD7 /* SearchPlayerCollectionViewCell.swift in Sources */ = {isa = PBXBuildFile; fileRef = CFBED1852589C3E000F19CD7 /* SearchPlayerCollectionViewCell.swift */; };
		CFC49AAF259022630020B68B /* BaseAlertViewController.swift in Sources */ = {isa = PBXBuildFile; fileRef = CFC49AAE259022630020B68B /* BaseAlertViewController.swift */; };
		CFC49AB22590242F0020B68B /* SignInViewController.swift in Sources */ = {isa = PBXBuildFile; fileRef = CFC49AB12590242F0020B68B /* SignInViewController.swift */; };
		CFC8E542251D80F50080FC15 /* ZTabBarViewController.swift in Sources */ = {isa = PBXBuildFile; fileRef = CFC8E541251D80F50080FC15 /* ZTabBarViewController.swift */; };
		CFC8E546251D81380080FC15 /* SearchViewController.swift in Sources */ = {isa = PBXBuildFile; fileRef = CFC8E545251D81380080FC15 /* SearchViewController.swift */; };
		CFD66E3F25AAD46A00C14E6B /* AlertManager.swift in Sources */ = {isa = PBXBuildFile; fileRef = CFD66E3E25AAD46A00C14E6B /* AlertManager.swift */; };
		CFD66E4325AAD5E600C14E6B /* SignInViewModel.swift in Sources */ = {isa = PBXBuildFile; fileRef = CFD66E4225AAD5E600C14E6B /* SignInViewModel.swift */; };
		CFD66E4725AAD61200C14E6B /* BaseViewModel.swift in Sources */ = {isa = PBXBuildFile; fileRef = CFD66E4625AAD61200C14E6B /* BaseViewModel.swift */; };
		CFD66E4A25AAD65400C14E6B /* UserEndPoint.swift in Sources */ = {isa = PBXBuildFile; fileRef = CFD66E4925AAD65400C14E6B /* UserEndPoint.swift */; };
		CFD66E4E25AAD6F100C14E6B /* User.swift in Sources */ = {isa = PBXBuildFile; fileRef = CFD66E4D25AAD6F100C14E6B /* User.swift */; };
		CFD66E5E25AAD74100C14E6B /* UserSessionManager.swift in Sources */ = {isa = PBXBuildFile; fileRef = CFD66E5D25AAD74100C14E6B /* UserSessionManager.swift */; };
		CFD66E6125AAD80200C14E6B /* AppInfo.swift in Sources */ = {isa = PBXBuildFile; fileRef = CFD66E6025AAD80200C14E6B /* AppInfo.swift */; };
		CFD66E6525AAD9DE00C14E6B /* SignUpViewModel.swift in Sources */ = {isa = PBXBuildFile; fileRef = CFD66E6425AAD9DE00C14E6B /* SignUpViewModel.swift */; };
		CFD9B58825789FDC009DABBD /* TabCollectionViewCell.swift in Sources */ = {isa = PBXBuildFile; fileRef = CFD9B58725789FDC009DABBD /* TabCollectionViewCell.swift */; };
		CFDD317B2578F62300BF919E /* PlayListCollectionViewCell.swift in Sources */ = {isa = PBXBuildFile; fileRef = CFDD317A2578F62300BF919E /* PlayListCollectionViewCell.swift */; };
		CFEE6B392577FF9A00519368 /* Assets.xcassets in Resources */ = {isa = PBXBuildFile; fileRef = CFEE6B382577FF9A00519368 /* Assets.xcassets */; };
/* End PBXBuildFile section */

/* Begin PBXFileReference section */
		63F110FA1BCA958983F5DADA /* Pods_SoundCloud.framework */ = {isa = PBXFileReference; explicitFileType = wrapper.framework; includeInIndex = 0; path = Pods_SoundCloud.framework; sourceTree = BUILT_PRODUCTS_DIR; };
		736F2D829458E6B7C00B1936 /* Pods-SoundCloud.release.xcconfig */ = {isa = PBXFileReference; includeInIndex = 1; lastKnownFileType = text.xcconfig; name = "Pods-SoundCloud.release.xcconfig"; path = "Target Support Files/Pods-SoundCloud/Pods-SoundCloud.release.xcconfig"; sourceTree = "<group>"; };
		9D5D5A1992C2EB6C34E75A12 /* Pods-SoundCloud.debug.xcconfig */ = {isa = PBXFileReference; includeInIndex = 1; lastKnownFileType = text.xcconfig; name = "Pods-SoundCloud.debug.xcconfig"; path = "Target Support Files/Pods-SoundCloud/Pods-SoundCloud.debug.xcconfig"; sourceTree = "<group>"; };
		CF048BE225AC9CD300914BD6 /* SettingHeaderView.swift */ = {isa = PBXFileReference; lastKnownFileType = sourcecode.swift; path = SettingHeaderView.swift; sourceTree = "<group>"; };
		CF048BE525AC9CDC00914BD6 /* SettingFooterView.swift */ = {isa = PBXFileReference; lastKnownFileType = sourcecode.swift; path = SettingFooterView.swift; sourceTree = "<group>"; };
		CF0A576C25AEB162008050F1 /* LibraryTableViewCell.swift */ = {isa = PBXFileReference; lastKnownFileType = sourcecode.swift; path = LibraryTableViewCell.swift; sourceTree = "<group>"; };
		CF0A576F25AEB193008050F1 /* CreateYourLibraryTableView.swift */ = {isa = PBXFileReference; lastKnownFileType = sourcecode.swift; path = CreateYourLibraryTableView.swift; sourceTree = "<group>"; };
		CF0A577225AEB370008050F1 /* EmptyPlayListSong.swift */ = {isa = PBXFileReference; lastKnownFileType = sourcecode.swift; path = EmptyPlayListSong.swift; sourceTree = "<group>"; };
		CF0A577525AEB48F008050F1 /* YourPlayList.swift */ = {isa = PBXFileReference; lastKnownFileType = sourcecode.swift; path = YourPlayList.swift; sourceTree = "<group>"; };
		CF0B0CA625A4B28B007689B6 /* APIConfig.swift */ = {isa = PBXFileReference; fileEncoding = 4; lastKnownFileType = sourcecode.swift; path = APIConfig.swift; sourceTree = "<group>"; };
		CF0B0CA725A4B28B007689B6 /* APIResponse.swift */ = {isa = PBXFileReference; fileEncoding = 4; lastKnownFileType = sourcecode.swift; path = APIResponse.swift; sourceTree = "<group>"; };
		CF0B0CA825A4B28B007689B6 /* EndPointType.swift */ = {isa = PBXFileReference; fileEncoding = 4; lastKnownFileType = sourcecode.swift; path = EndPointType.swift; sourceTree = "<group>"; };
		CF0B0CA925A4B28B007689B6 /* ServiceErrorAPI.swift */ = {isa = PBXFileReference; fileEncoding = 4; lastKnownFileType = sourcecode.swift; path = ServiceErrorAPI.swift; sourceTree = "<group>"; };
		CF0B0CAA25A4B28B007689B6 /* APIService.swift */ = {isa = PBXFileReference; fileEncoding = 4; lastKnownFileType = sourcecode.swift; path = APIService.swift; sourceTree = "<group>"; };
		CF0B0CB225A4B2B6007689B6 /* SongEndPoint.swift */ = {isa = PBXFileReference; lastKnownFileType = sourcecode.swift; path = SongEndPoint.swift; sourceTree = "<group>"; };
		CF0B0CB525A4B34D007689B6 /* SongTrack.swift */ = {isa = PBXFileReference; lastKnownFileType = sourcecode.swift; path = SongTrack.swift; sourceTree = "<group>"; };
		CF0DEF3F25AB085C004AA0DA /* SettingTableViewCell.swift */ = {isa = PBXFileReference; lastKnownFileType = sourcecode.swift; path = SettingTableViewCell.swift; sourceTree = "<group>"; };
		CF0E9585259B219A0077AB65 /* SignUpViewController.swift */ = {isa = PBXFileReference; lastKnownFileType = sourcecode.swift; path = SignUpViewController.swift; sourceTree = "<group>"; };
		CF1E99E425AB3A5B005E8DE1 /* SettingViewModel.swift */ = {isa = PBXFileReference; lastKnownFileType = sourcecode.swift; path = SettingViewModel.swift; sourceTree = "<group>"; };
		CF26D8912590BBB5004B2EF9 /* YourLibraryViewController.swift */ = {isa = PBXFileReference; lastKnownFileType = sourcecode.swift; path = YourLibraryViewController.swift; sourceTree = "<group>"; };
		CF3912AE259B377300979DA4 /* ViewPlaySong.swift */ = {isa = PBXFileReference; lastKnownFileType = sourcecode.swift; path = ViewPlaySong.swift; sourceTree = "<group>"; };
		CF3912B1259B38B900979DA4 /* MusicPlayer.swift */ = {isa = PBXFileReference; lastKnownFileType = sourcecode.swift; path = MusicPlayer.swift; sourceTree = "<group>"; };
		CF3912B4259B38FA00979DA4 /* BaseConfig.swift */ = {isa = PBXFileReference; lastKnownFileType = sourcecode.swift; path = BaseConfig.swift; sourceTree = "<group>"; };
		CF40F45925996F18009BFF6C /* LoginViewController.swift */ = {isa = PBXFileReference; lastKnownFileType = sourcecode.swift; path = LoginViewController.swift; sourceTree = "<group>"; };
		CF40F45C25996FCB009BFF6C /* TitleTextField.swift */ = {isa = PBXFileReference; lastKnownFileType = sourcecode.swift; path = TitleTextField.swift; sourceTree = "<group>"; };
		CF40F45F25996FFD009BFF6C /* BaseView.swift */ = {isa = PBXFileReference; lastKnownFileType = sourcecode.swift; path = BaseView.swift; sourceTree = "<group>"; };
		CF418C6A25B087C1002299F6 /* Artist.swift */ = {isa = PBXFileReference; lastKnownFileType = sourcecode.swift; path = Artist.swift; sourceTree = "<group>"; };
		CF418C6E25B09704002299F6 /* LikeSongViewController.swift */ = {isa = PBXFileReference; lastKnownFileType = sourcecode.swift; path = LikeSongViewController.swift; sourceTree = "<group>"; };
		CF45964D251B9C590062158D /* BaseViewController.swift */ = {isa = PBXFileReference; lastKnownFileType = sourcecode.swift; path = BaseViewController.swift; sourceTree = "<group>"; };
		CF45964F251B9C7E0062158D /* BaseCollectionViewHeaderFooterCell.swift */ = {isa = PBXFileReference; lastKnownFileType = sourcecode.swift; path = BaseCollectionViewHeaderFooterCell.swift; sourceTree = "<group>"; };
		CF459651251B9CAD0062158D /* BaseCollectionViewCell.swift */ = {isa = PBXFileReference; lastKnownFileType = sourcecode.swift; path = BaseCollectionViewCell.swift; sourceTree = "<group>"; };
		CF459653251B9CD60062158D /* BaseTableViewCell.swift */ = {isa = PBXFileReference; lastKnownFileType = sourcecode.swift; path = BaseTableViewCell.swift; sourceTree = "<group>"; };
		CF459655251B9CF00062158D /* BaseTableViewHeaderFooter.swift */ = {isa = PBXFileReference; lastKnownFileType = sourcecode.swift; path = BaseTableViewHeaderFooter.swift; sourceTree = "<group>"; };
		CF4942A625A021F1008436C0 /* UIImageView+Extension.swift */ = {isa = PBXFileReference; lastKnownFileType = sourcecode.swift; path = "UIImageView+Extension.swift"; sourceTree = "<group>"; };
		CF4942AC25A03265008436C0 /* UILabel+Extension.swift */ = {isa = PBXFileReference; lastKnownFileType = sourcecode.swift; path = "UILabel+Extension.swift"; sourceTree = "<group>"; };
		CF542E8725AE96350013D862 /* UIView+Extension.swift */ = {isa = PBXFileReference; lastKnownFileType = sourcecode.swift; path = "UIView+Extension.swift"; sourceTree = "<group>"; };
		CF551ECB259F66C4004D2C3B /* AnimatePlayVCHelper.swift */ = {isa = PBXFileReference; lastKnownFileType = sourcecode.swift; path = AnimatePlayVCHelper.swift; sourceTree = "<group>"; };
		CF551ECE259F671F004D2C3B /* DetailViewPlaySong.swift */ = {isa = PBXFileReference; lastKnownFileType = sourcecode.swift; path = DetailViewPlaySong.swift; sourceTree = "<group>"; };
		CF551ED1259F6748004D2C3B /* BaseDetailSongMusic.swift */ = {isa = PBXFileReference; lastKnownFileType = sourcecode.swift; path = BaseDetailSongMusic.swift; sourceTree = "<group>"; };
		CF551ED4259F6775004D2C3B /* DishSongCellCollectionViewCell.swift */ = {isa = PBXFileReference; lastKnownFileType = sourcecode.swift; path = DishSongCellCollectionViewCell.swift; sourceTree = "<group>"; };
		CF6165B625B030380024AEE5 /* SettingProfileViewController.swift */ = {isa = PBXFileReference; lastKnownFileType = sourcecode.swift; path = SettingProfileViewController.swift; sourceTree = "<group>"; };
		CF646055251B905D00C03F2D /* SoundCloud.app */ = {isa = PBXFileReference; explicitFileType = wrapper.application; includeInIndex = 0; path = SoundCloud.app; sourceTree = BUILT_PRODUCTS_DIR; };
		CF646058251B905D00C03F2D /* AppDelegate.swift */ = {isa = PBXFileReference; lastKnownFileType = sourcecode.swift; path = AppDelegate.swift; sourceTree = "<group>"; };
		CF646064251B905E00C03F2D /* Base */ = {isa = PBXFileReference; lastKnownFileType = file.storyboard; name = Base; path = Base.lproj/LaunchScreen.storyboard; sourceTree = "<group>"; };
		CF646066251B905E00C03F2D /* Info.plist */ = {isa = PBXFileReference; lastKnownFileType = text.plist.xml; path = Info.plist; sourceTree = "<group>"; };
		CF646088251B90DE00C03F2D /* HomeViewController.swift */ = {isa = PBXFileReference; lastKnownFileType = sourcecode.swift; path = HomeViewController.swift; sourceTree = "<group>"; };
		CF64608F251B952D00C03F2D /* UIColor+Extension.swift */ = {isa = PBXFileReference; lastKnownFileType = sourcecode.swift; path = "UIColor+Extension.swift"; sourceTree = "<group>"; };
		CF646091251B954600C03F2D /* UICollectionView+Extension.swift */ = {isa = PBXFileReference; lastKnownFileType = sourcecode.swift; path = "UICollectionView+Extension.swift"; sourceTree = "<group>"; };
		CF646093251B95AA00C03F2D /* Array+Extention.swift */ = {isa = PBXFileReference; lastKnownFileType = sourcecode.swift; path = "Array+Extention.swift"; sourceTree = "<group>"; };
		CF646095251B95C100C03F2D /* UIFont+Extension.swift */ = {isa = PBXFileReference; lastKnownFileType = sourcecode.swift; path = "UIFont+Extension.swift"; sourceTree = "<group>"; };
		CF646097251B95CE00C03F2D /* UITableView+Extension.swift */ = {isa = PBXFileReference; lastKnownFileType = sourcecode.swift; path = "UITableView+Extension.swift"; sourceTree = "<group>"; };
		CF64609A251B972D00C03F2D /* ImageManager.swift */ = {isa = PBXFileReference; lastKnownFileType = sourcecode.swift; path = ImageManager.swift; sourceTree = "<group>"; };
		CF64609C251B974B00C03F2D /* TextManager.swift */ = {isa = PBXFileReference; lastKnownFileType = sourcecode.swift; path = TextManager.swift; sourceTree = "<group>"; };
		CF7222E7251B9E7D00F22E0F /* Dimensions.swift */ = {isa = PBXFileReference; lastKnownFileType = sourcecode.swift; path = Dimensions.swift; sourceTree = "<group>"; };
		CF7E496225AF320D004C97CD /* CreateYourPlayListViewController.swift */ = {isa = PBXFileReference; lastKnownFileType = sourcecode.swift; path = CreateYourPlayListViewController.swift; sourceTree = "<group>"; };
		CF85478D25AD3C1C000595A3 /* VerifyOTPViewController.swift */ = {isa = PBXFileReference; lastKnownFileType = sourcecode.swift; path = VerifyOTPViewController.swift; sourceTree = "<group>"; };
		CF894A9425B2782D009EBE50 /* PlayListViewController.swift */ = {isa = PBXFileReference; lastKnownFileType = sourcecode.swift; name = PlayListViewController.swift; path = SoundCloud/Features/Library/view/PlayListViewController.swift; sourceTree = SOURCE_ROOT; };
		CF894AAB25B2877F009EBE50 /* PlayList.swift */ = {isa = PBXFileReference; lastKnownFileType = sourcecode.swift; path = PlayList.swift; sourceTree = "<group>"; };
		CF894AAF25B28A53009EBE50 /* SectionHome.swift */ = {isa = PBXFileReference; lastKnownFileType = sourcecode.swift; path = SectionHome.swift; sourceTree = "<group>"; };
		CF9A36B62590F170005323CE /* StackView+Extension.swift */ = {isa = PBXFileReference; lastKnownFileType = sourcecode.swift; path = "StackView+Extension.swift"; sourceTree = "<group>"; };
		CFA11DBA259F3DE700AE3843 /* AppRouters.swift */ = {isa = PBXFileReference; lastKnownFileType = sourcecode.swift; path = AppRouters.swift; sourceTree = "<group>"; };
		CFA11DBD259F3E5E00AE3843 /* UIViewController+Extenstion.swift */ = {isa = PBXFileReference; lastKnownFileType = sourcecode.swift; path = "UIViewController+Extenstion.swift"; sourceTree = "<group>"; };
		CFA11DC3259F43BB00AE3843 /* SettingViewController.swift */ = {isa = PBXFileReference; lastKnownFileType = sourcecode.swift; path = SettingViewController.swift; sourceTree = "<group>"; };
		CFA52AB7258F542900439E54 /* data.json */ = {isa = PBXFileReference; lastKnownFileType = text.json; path = data.json; sourceTree = "<group>"; };
		CFB07A38259188E6008FD3AB /* AlbumViewController.swift */ = {isa = PBXFileReference; lastKnownFileType = sourcecode.swift; path = AlbumViewController.swift; sourceTree = "<group>"; };
		CFB07A3C25918925008FD3AB /* HeaderViewCollectionReusableView.swift */ = {isa = PBXFileReference; lastKnownFileType = sourcecode.swift; path = HeaderViewCollectionReusableView.swift; sourceTree = "<group>"; };
		CFB07A532591A48C008FD3AB /* SongCollectionViewCell.swift */ = {isa = PBXFileReference; lastKnownFileType = sourcecode.swift; path = SongCollectionViewCell.swift; sourceTree = "<group>"; };
		CFB1AA1825ADF0D800356B26 /* SearchSongViewController.swift */ = {isa = PBXFileReference; lastKnownFileType = sourcecode.swift; path = SearchSongViewController.swift; sourceTree = "<group>"; };
		CFBB1929259B289100CA58A1 /* AppConfig.swift */ = {isa = PBXFileReference; lastKnownFileType = sourcecode.swift; path = AppConfig.swift; sourceTree = "<group>"; };
		CFBB192C259B28CA00CA58A1 /* String+Extension.swift */ = {isa = PBXFileReference; lastKnownFileType = sourcecode.swift; path = "String+Extension.swift"; sourceTree = "<group>"; };
		CFBB192F259B297E00CA58A1 /* Date+Extension.swift */ = {isa = PBXFileReference; lastKnownFileType = sourcecode.swift; path = "Date+Extension.swift"; sourceTree = "<group>"; };
		CFBED1812589B63500F19CD7 /* PaddingTextField.swift */ = {isa = PBXFileReference; lastKnownFileType = sourcecode.swift; path = PaddingTextField.swift; sourceTree = "<group>"; };
		CFBED1852589C3E000F19CD7 /* SearchPlayerCollectionViewCell.swift */ = {isa = PBXFileReference; lastKnownFileType = sourcecode.swift; path = SearchPlayerCollectionViewCell.swift; sourceTree = "<group>"; };
		CFC49AAE259022630020B68B /* BaseAlertViewController.swift */ = {isa = PBXFileReference; lastKnownFileType = sourcecode.swift; path = BaseAlertViewController.swift; sourceTree = "<group>"; };
		CFC49AB12590242F0020B68B /* SignInViewController.swift */ = {isa = PBXFileReference; lastKnownFileType = sourcecode.swift; path = SignInViewController.swift; sourceTree = "<group>"; };
		CFC8E541251D80F50080FC15 /* ZTabBarViewController.swift */ = {isa = PBXFileReference; lastKnownFileType = sourcecode.swift; name = ZTabBarViewController.swift; path = SoundCloud/ZTabBarViewController.swift; sourceTree = SOURCE_ROOT; };
		CFC8E545251D81380080FC15 /* SearchViewController.swift */ = {isa = PBXFileReference; lastKnownFileType = sourcecode.swift; path = SearchViewController.swift; sourceTree = "<group>"; };
		CFD66E3E25AAD46A00C14E6B /* AlertManager.swift */ = {isa = PBXFileReference; lastKnownFileType = sourcecode.swift; path = AlertManager.swift; sourceTree = "<group>"; };
		CFD66E4225AAD5E600C14E6B /* SignInViewModel.swift */ = {isa = PBXFileReference; lastKnownFileType = sourcecode.swift; path = SignInViewModel.swift; sourceTree = "<group>"; };
		CFD66E4625AAD61200C14E6B /* BaseViewModel.swift */ = {isa = PBXFileReference; lastKnownFileType = sourcecode.swift; path = BaseViewModel.swift; sourceTree = "<group>"; };
		CFD66E4925AAD65400C14E6B /* UserEndPoint.swift */ = {isa = PBXFileReference; lastKnownFileType = sourcecode.swift; path = UserEndPoint.swift; sourceTree = "<group>"; };
		CFD66E4D25AAD6F100C14E6B /* User.swift */ = {isa = PBXFileReference; lastKnownFileType = sourcecode.swift; path = User.swift; sourceTree = "<group>"; };
		CFD66E5D25AAD74100C14E6B /* UserSessionManager.swift */ = {isa = PBXFileReference; lastKnownFileType = sourcecode.swift; path = UserSessionManager.swift; sourceTree = "<group>"; };
		CFD66E6025AAD80200C14E6B /* AppInfo.swift */ = {isa = PBXFileReference; lastKnownFileType = sourcecode.swift; path = AppInfo.swift; sourceTree = "<group>"; };
		CFD66E6425AAD9DE00C14E6B /* SignUpViewModel.swift */ = {isa = PBXFileReference; lastKnownFileType = sourcecode.swift; path = SignUpViewModel.swift; sourceTree = "<group>"; };
		CFD9B58725789FDC009DABBD /* TabCollectionViewCell.swift */ = {isa = PBXFileReference; lastKnownFileType = sourcecode.swift; path = TabCollectionViewCell.swift; sourceTree = "<group>"; };
		CFDD317A2578F62300BF919E /* PlayListCollectionViewCell.swift */ = {isa = PBXFileReference; lastKnownFileType = sourcecode.swift; path = PlayListCollectionViewCell.swift; sourceTree = "<group>"; };
		CFEE6B382577FF9A00519368 /* Assets.xcassets */ = {isa = PBXFileReference; lastKnownFileType = folder.assetcatalog; path = Assets.xcassets; sourceTree = "<group>"; };
/* End PBXFileReference section */

/* Begin PBXFrameworksBuildPhase section */
		CF646052251B905D00C03F2D /* Frameworks */ = {
			isa = PBXFrameworksBuildPhase;
			buildActionMask = 2147483647;
			files = (
				8EC805BBEF5316A9FD1E7FD5 /* Pods_SoundCloud.framework in Frameworks */,
			);
			runOnlyForDeploymentPostprocessing = 0;
		};
/* End PBXFrameworksBuildPhase section */

/* Begin PBXGroup section */
		31CD045938D3017019B5B327 /* Pods */ = {
			isa = PBXGroup;
			children = (
				9D5D5A1992C2EB6C34E75A12 /* Pods-SoundCloud.debug.xcconfig */,
				736F2D829458E6B7C00B1936 /* Pods-SoundCloud.release.xcconfig */,
			);
			path = Pods;
			sourceTree = "<group>";
		};
		4C7A0BFA090D0952A74DA458 /* Frameworks */ = {
			isa = PBXGroup;
			children = (
				63F110FA1BCA958983F5DADA /* Pods_SoundCloud.framework */,
			);
			name = Frameworks;
			sourceTree = "<group>";
		};
		CF048BE925ACABD100914BD6 /* Verify */ = {
			isa = PBXGroup;
			children = (
				CF85478D25AD3C1C000595A3 /* VerifyOTPViewController.swift */,
			);
			path = Verify;
			sourceTree = "<group>";
		};
		CF0B0C9625A4B1DA007689B6 /* APIService */ = {
			isa = PBXGroup;
			children = (
				CF0B0C9725A4B1EC007689B6 /* EndPoint */,
				CF0B0CA625A4B28B007689B6 /* APIConfig.swift */,
				CF0B0CA725A4B28B007689B6 /* APIResponse.swift */,
				CF0B0CAA25A4B28B007689B6 /* APIService.swift */,
				CF0B0CA825A4B28B007689B6 /* EndPointType.swift */,
				CF0B0CA925A4B28B007689B6 /* ServiceErrorAPI.swift */,
			);
			path = APIService;
			sourceTree = "<group>";
		};
		CF0B0C9725A4B1EC007689B6 /* EndPoint */ = {
			isa = PBXGroup;
			children = (
				CF0B0CB225A4B2B6007689B6 /* SongEndPoint.swift */,
				CFD66E4925AAD65400C14E6B /* UserEndPoint.swift */,
			);
			path = EndPoint;
			sourceTree = "<group>";
		};
		CF0DEF4225AB085F004AA0DA /* Model */ = {
			isa = PBXGroup;
			children = (
				CF1E99E425AB3A5B005E8DE1 /* SettingViewModel.swift */,
			);
			path = Model;
			sourceTree = "<group>";
		};
		CF0DEF4325AB0864004AA0DA /* View */ = {
			isa = PBXGroup;
			children = (
				CF0DEF3F25AB085C004AA0DA /* SettingTableViewCell.swift */,
				CF048BE225AC9CD300914BD6 /* SettingHeaderView.swift */,
				CF048BE525AC9CDC00914BD6 /* SettingFooterView.swift */,
			);
			path = View;
			sourceTree = "<group>";
		};
		CF3912A9259B36FB00979DA4 /* Player */ = {
			isa = PBXGroup;
			children = (
				CFAD25F725AAD0660021CE8E /* ViewModel */,
				CFAD25F525AAD0300021CE8E /* View */,
			);
			path = Player;
			sourceTree = "<group>";
		};
		CF418C6D25B096F4002299F6 /* LikeSong */ = {
			isa = PBXGroup;
			children = (
			);
			path = LikeSong;
			sourceTree = "<group>";
		};
		CF45964B251B9C320062158D /* Bases */ = {
			isa = PBXGroup;
			children = (
				CFC49AAD259022510020B68B /* Base */,
				CFBED1802589B61A00F19CD7 /* Custom */,
				CF45964C251B9C3F0062158D /* UIView */,
			);
			path = Bases;
			sourceTree = "<group>";
		};
		CF45964C251B9C3F0062158D /* UIView */ = {
			isa = PBXGroup;
			children = (
				CF40F45F25996FFD009BFF6C /* BaseView.swift */,
				CF45964D251B9C590062158D /* BaseViewController.swift */,
				CF45964F251B9C7E0062158D /* BaseCollectionViewHeaderFooterCell.swift */,
				CF459651251B9CAD0062158D /* BaseCollectionViewCell.swift */,
				CF459653251B9CD60062158D /* BaseTableViewCell.swift */,
				CF459655251B9CF00062158D /* BaseTableViewHeaderFooter.swift */,
				CF551ED1259F6748004D2C3B /* BaseDetailSongMusic.swift */,
				CFD66E4625AAD61200C14E6B /* BaseViewModel.swift */,
			);
			path = UIView;
			sourceTree = "<group>";
		};
		CF64604C251B905D00C03F2D = {
			isa = PBXGroup;
			children = (
				CF646057251B905D00C03F2D /* SoundCloud */,
				CF646056251B905D00C03F2D /* Products */,
				31CD045938D3017019B5B327 /* Pods */,
				4C7A0BFA090D0952A74DA458 /* Frameworks */,
			);
			sourceTree = "<group>";
		};
		CF646056251B905D00C03F2D /* Products */ = {
			isa = PBXGroup;
			children = (
				CF646055251B905D00C03F2D /* SoundCloud.app */,
			);
			name = Products;
			sourceTree = "<group>";
		};
		CF646057251B905D00C03F2D /* SoundCloud */ = {
			isa = PBXGroup;
			children = (
				CF64608A251B94D900C03F2D /* Supports */,
				CF64608B251B94E500C03F2D /* StoryBoards */,
				CF64608D251B950A00C03F2D /* Extensions */,
				CF646099251B971400C03F2D /* Managers */,
				CF0B0C9625A4B1DA007689B6 /* APIService */,
				CF7222E6251B9E6900F22E0F /* Commons */,
				CF45964B251B9C320062158D /* Bases */,
				CF64608C251B94FB00C03F2D /* Features */,
				CF646066251B905E00C03F2D /* Info.plist */,
			);
			path = SoundCloud;
			sourceTree = "<group>";
		};
		CF64608A251B94D900C03F2D /* Supports */ = {
			isa = PBXGroup;
			children = (
				CFEE6B382577FF9A00519368 /* Assets.xcassets */,
				CF646058251B905D00C03F2D /* AppDelegate.swift */,
			);
			path = Supports;
			sourceTree = "<group>";
		};
		CF64608B251B94E500C03F2D /* StoryBoards */ = {
			isa = PBXGroup;
			children = (
				CF646063251B905E00C03F2D /* LaunchScreen.storyboard */,
			);
			path = StoryBoards;
			sourceTree = "<group>";
		};
		CF64608C251B94FB00C03F2D /* Features */ = {
			isa = PBXGroup;
			children = (
				CFD66E4C25AAD6E300C14E6B /* Commons */,
				CF3912A9259B36FB00979DA4 /* Player */,
				CFB07A3525918854008FD3AB /* Album */,
				CFC49AA5259021D00020B68B /* User */,
				CF6460A1251B979900C03F2D /* Library */,
				CF6460A0251B978F00C03F2D /* Search */,
				CF64609E251B977C00C03F2D /* Home */,
				CFC8E541251D80F50080FC15 /* ZTabBarViewController.swift */,
			);
			path = Features;
			sourceTree = "<group>";
		};
		CF64608D251B950A00C03F2D /* Extensions */ = {
			isa = PBXGroup;
			children = (
				CF64608E251B951400C03F2D /* UIKit */,
			);
			path = Extensions;
			sourceTree = "<group>";
		};
		CF64608E251B951400C03F2D /* UIKit */ = {
			isa = PBXGroup;
			children = (
				CF64608F251B952D00C03F2D /* UIColor+Extension.swift */,
				CF646091251B954600C03F2D /* UICollectionView+Extension.swift */,
				CF646093251B95AA00C03F2D /* Array+Extention.swift */,
				CF646095251B95C100C03F2D /* UIFont+Extension.swift */,
				CF646097251B95CE00C03F2D /* UITableView+Extension.swift */,
				CF9A36B62590F170005323CE /* StackView+Extension.swift */,
				CFBB192C259B28CA00CA58A1 /* String+Extension.swift */,
				CFBB192F259B297E00CA58A1 /* Date+Extension.swift */,
				CFA11DBD259F3E5E00AE3843 /* UIViewController+Extenstion.swift */,
				CF4942A625A021F1008436C0 /* UIImageView+Extension.swift */,
				CF4942AC25A03265008436C0 /* UILabel+Extension.swift */,
				CF542E8725AE96350013D862 /* UIView+Extension.swift */,
			);
			path = UIKit;
			sourceTree = "<group>";
		};
		CF646099251B971400C03F2D /* Managers */ = {
			isa = PBXGroup;
			children = (
				CF64609A251B972D00C03F2D /* ImageManager.swift */,
				CF64609C251B974B00C03F2D /* TextManager.swift */,
				CFD66E3E25AAD46A00C14E6B /* AlertManager.swift */,
				CFD66E5D25AAD74100C14E6B /* UserSessionManager.swift */,
			);
			path = Managers;
			sourceTree = "<group>";
		};
		CF64609E251B977C00C03F2D /* Home */ = {
			isa = PBXGroup;
			children = (
				CFA52AAF258F4E2A00439E54 /* Model */,
				CFD9B58625789F9C009DABBD /* View */,
				CFA52ABE258F629E00439E54 /* Controller */,
			);
			path = Home;
			sourceTree = "<group>";
		};
		CF6460A0251B978F00C03F2D /* Search */ = {
			isa = PBXGroup;
			children = (
				CFC8E545251D81380080FC15 /* SearchViewController.swift */,
				CFBED1852589C3E000F19CD7 /* SearchPlayerCollectionViewCell.swift */,
				CFB1AA1825ADF0D800356B26 /* SearchSongViewController.swift */,
			);
			path = Search;
			sourceTree = "<group>";
		};
		CF6460A1251B979900C03F2D /* Library */ = {
			isa = PBXGroup;
			children = (
				CF894A9125B27767009EBE50 /* view */,
				CF418C6D25B096F4002299F6 /* LikeSong */,
				CF26D8912590BBB5004B2EF9 /* YourLibraryViewController.swift */,
				CF7E496225AF320D004C97CD /* CreateYourPlayListViewController.swift */,
			);
			path = Library;
			sourceTree = "<group>";
		};
		CF7222E6251B9E6900F22E0F /* Commons */ = {
			isa = PBXGroup;
			children = (
				CF7222E7251B9E7D00F22E0F /* Dimensions.swift */,
				CFBB1929259B289100CA58A1 /* AppConfig.swift */,
				CF3912B4259B38FA00979DA4 /* BaseConfig.swift */,
				CFA11DBA259F3DE700AE3843 /* AppRouters.swift */,
				CF551ECB259F66C4004D2C3B /* AnimatePlayVCHelper.swift */,
				CFD66E6025AAD80200C14E6B /* AppInfo.swift */,
			);
			path = Commons;
			sourceTree = "<group>";
		};
		CF894A9125B27767009EBE50 /* view */ = {
			isa = PBXGroup;
			children = (
				CF894A9225B2777C009EBE50 /* header */,
				CF418C6E25B09704002299F6 /* LikeSongViewController.swift */,
				CF0A576C25AEB162008050F1 /* LibraryTableViewCell.swift */,
				CF894A9425B2782D009EBE50 /* PlayListViewController.swift */,
			);
			path = view;
			sourceTree = "<group>";
		};
		CF894A9225B2777C009EBE50 /* header */ = {
			isa = PBXGroup;
			children = (
				CF0A576F25AEB193008050F1 /* CreateYourLibraryTableView.swift */,
				CF0A577225AEB370008050F1 /* EmptyPlayListSong.swift */,
			);
			path = header;
			sourceTree = "<group>";
		};
		CFA11DC2259F439E00AE3843 /* Settings */ = {
			isa = PBXGroup;
			children = (
				CF0DEF4325AB0864004AA0DA /* View */,
				CF0DEF4225AB085F004AA0DA /* Model */,
				CFA11DC3259F43BB00AE3843 /* SettingViewController.swift */,
				CF6165B625B030380024AEE5 /* SettingProfileViewController.swift */,
			);
			path = Settings;
			sourceTree = "<group>";
		};
		CFA52AAF258F4E2A00439E54 /* Model */ = {
			isa = PBXGroup;
			children = (
				CFA52AB7258F542900439E54 /* data.json */,
			);
			path = Model;
			sourceTree = "<group>";
		};
		CFA52ABE258F629E00439E54 /* Controller */ = {
			isa = PBXGroup;
			children = (
				CF646088251B90DE00C03F2D /* HomeViewController.swift */,
			);
			path = Controller;
			sourceTree = "<group>";
		};
		CFAD25F525AAD0300021CE8E /* View */ = {
			isa = PBXGroup;
			children = (
				CF551ED4259F6775004D2C3B /* DishSongCellCollectionViewCell.swift */,
				CF3912AE259B377300979DA4 /* ViewPlaySong.swift */,
				CF551ECE259F671F004D2C3B /* DetailViewPlaySong.swift */,
			);
			path = View;
			sourceTree = "<group>";
		};
		CFAD25F725AAD0660021CE8E /* ViewModel */ = {
			isa = PBXGroup;
			children = (
				CF3912B1259B38B900979DA4 /* MusicPlayer.swift */,
			);
			path = ViewModel;
			sourceTree = "<group>";
		};
		CFB07A3525918854008FD3AB /* Album */ = {
			isa = PBXGroup;
			children = (
				CFB07A37259188D3008FD3AB /* Controller */,
				CFB07A3625918874008FD3AB /* View */,
			);
			path = Album;
			sourceTree = "<group>";
		};
		CFB07A3625918874008FD3AB /* View */ = {
			isa = PBXGroup;
			children = (
				CFB07A3C25918925008FD3AB /* HeaderViewCollectionReusableView.swift */,
				CFB07A532591A48C008FD3AB /* SongCollectionViewCell.swift */,
			);
			path = View;
			sourceTree = "<group>";
		};
		CFB07A37259188D3008FD3AB /* Controller */ = {
			isa = PBXGroup;
			children = (
				CFB07A38259188E6008FD3AB /* AlbumViewController.swift */,
			);
			path = Controller;
			sourceTree = "<group>";
		};
		CFBED1802589B61A00F19CD7 /* Custom */ = {
			isa = PBXGroup;
			children = (
				CFBED1812589B63500F19CD7 /* PaddingTextField.swift */,
				CF40F45C25996FCB009BFF6C /* TitleTextField.swift */,
			);
			path = Custom;
			sourceTree = "<group>";
		};
		CFC49AA5259021D00020B68B /* User */ = {
			isa = PBXGroup;
			children = (
				CF048BE925ACABD100914BD6 /* Verify */,
				CFA11DC2259F439E00AE3843 /* Settings */,
				CFC49AA7259021F50020B68B /* SignUp */,
				CFC49AA6259021D90020B68B /* SignIn */,
			);
			path = User;
			sourceTree = "<group>";
		};
		CFC49AA6259021D90020B68B /* SignIn */ = {
			isa = PBXGroup;
			children = (
				CFD66E4125AAD5CF00C14E6B /* ViewModel */,
				CFC49AB12590242F0020B68B /* SignInViewController.swift */,
				CF40F45925996F18009BFF6C /* LoginViewController.swift */,
			);
			path = SignIn;
			sourceTree = "<group>";
		};
		CFC49AA7259021F50020B68B /* SignUp */ = {
			isa = PBXGroup;
			children = (
				CFD66E6325AAD9CD00C14E6B /* ViewModel */,
				CF0E9585259B219A0077AB65 /* SignUpViewController.swift */,
			);
			path = SignUp;
			sourceTree = "<group>";
		};
		CFC49AAD259022510020B68B /* Base */ = {
			isa = PBXGroup;
			children = (
				CFC49AAE259022630020B68B /* BaseAlertViewController.swift */,
			);
			path = Base;
			sourceTree = "<group>";
		};
		CFD66E4125AAD5CF00C14E6B /* ViewModel */ = {
			isa = PBXGroup;
			children = (
				CFD66E4225AAD5E600C14E6B /* SignInViewModel.swift */,
			);
			path = ViewModel;
			sourceTree = "<group>";
		};
		CFD66E4C25AAD6E300C14E6B /* Commons */ = {
			isa = PBXGroup;
			children = (
				CFD66E4D25AAD6F100C14E6B /* User.swift */,
				CF0B0CB525A4B34D007689B6 /* SongTrack.swift */,
				CF0A577525AEB48F008050F1 /* YourPlayList.swift */,
				CF418C6A25B087C1002299F6 /* Artist.swift */,
				CF894AAB25B2877F009EBE50 /* PlayList.swift */,
				CF894AAF25B28A53009EBE50 /* SectionHome.swift */,
			);
			path = Commons;
			sourceTree = "<group>";
		};
		CFD66E6325AAD9CD00C14E6B /* ViewModel */ = {
			isa = PBXGroup;
			children = (
				CFD66E6425AAD9DE00C14E6B /* SignUpViewModel.swift */,
			);
			path = ViewModel;
			sourceTree = "<group>";
		};
		CFD9B58625789F9C009DABBD /* View */ = {
			isa = PBXGroup;
			children = (
				CFD9B58725789FDC009DABBD /* TabCollectionViewCell.swift */,
				CFDD317A2578F62300BF919E /* PlayListCollectionViewCell.swift */,
			);
			path = View;
			sourceTree = "<group>";
		};
/* End PBXGroup section */

/* Begin PBXNativeTarget section */
		CF646054251B905D00C03F2D /* SoundCloud */ = {
			isa = PBXNativeTarget;
			buildConfigurationList = CF64607F251B905E00C03F2D /* Build configuration list for PBXNativeTarget "SoundCloud" */;
			buildPhases = (
				68D95EEAAAE3A422BA0D3C99 /* [CP] Check Pods Manifest.lock */,
				CF646051251B905D00C03F2D /* Sources */,
				CF646052251B905D00C03F2D /* Frameworks */,
				CF646053251B905D00C03F2D /* Resources */,
				3CAEB35E3BA998F97E403AF5 /* [CP] Embed Pods Frameworks */,
			);
			buildRules = (
			);
			dependencies = (
			);
			name = SoundCloud;
			productName = SoundCloud;
			productReference = CF646055251B905D00C03F2D /* SoundCloud.app */;
			productType = "com.apple.product-type.application";
		};
/* End PBXNativeTarget section */

/* Begin PBXProject section */
		CF64604D251B905D00C03F2D /* Project object */ = {
			isa = PBXProject;
			attributes = {
				LastSwiftUpdateCheck = 1100;
				LastUpgradeCheck = 1100;
				ORGANIZATIONNAME = "Dang Trung Hieu";
				TargetAttributes = {
					CF646054251B905D00C03F2D = {
						CreatedOnToolsVersion = 11.0;
					};
				};
			};
			buildConfigurationList = CF646050251B905D00C03F2D /* Build configuration list for PBXProject "SoundCloud" */;
			compatibilityVersion = "Xcode 9.3";
			developmentRegion = en;
			hasScannedForEncodings = 0;
			knownRegions = (
				en,
				Base,
			);
			mainGroup = CF64604C251B905D00C03F2D;
			productRefGroup = CF646056251B905D00C03F2D /* Products */;
			projectDirPath = "";
			projectRoot = "";
			targets = (
				CF646054251B905D00C03F2D /* SoundCloud */,
			);
		};
/* End PBXProject section */

/* Begin PBXResourcesBuildPhase section */
		CF646053251B905D00C03F2D /* Resources */ = {
			isa = PBXResourcesBuildPhase;
			buildActionMask = 2147483647;
			files = (
				CFEE6B392577FF9A00519368 /* Assets.xcassets in Resources */,
				CFA52AB8258F542900439E54 /* data.json in Resources */,
				CF646065251B905E00C03F2D /* LaunchScreen.storyboard in Resources */,
			);
			runOnlyForDeploymentPostprocessing = 0;
		};
/* End PBXResourcesBuildPhase section */

/* Begin PBXShellScriptBuildPhase section */
		3CAEB35E3BA998F97E403AF5 /* [CP] Embed Pods Frameworks */ = {
			isa = PBXShellScriptBuildPhase;
			buildActionMask = 2147483647;
			files = (
			);
			inputFileListPaths = (
				"${PODS_ROOT}/Target Support Files/Pods-SoundCloud/Pods-SoundCloud-frameworks-${CONFIGURATION}-input-files.xcfilelist",
			);
			name = "[CP] Embed Pods Frameworks";
			outputFileListPaths = (
				"${PODS_ROOT}/Target Support Files/Pods-SoundCloud/Pods-SoundCloud-frameworks-${CONFIGURATION}-output-files.xcfilelist",
			);
			runOnlyForDeploymentPostprocessing = 0;
			shellPath = /bin/sh;
			shellScript = "\"${PODS_ROOT}/Target Support Files/Pods-SoundCloud/Pods-SoundCloud-frameworks.sh\"\n";
			showEnvVarsInLog = 0;
		};
		68D95EEAAAE3A422BA0D3C99 /* [CP] Check Pods Manifest.lock */ = {
			isa = PBXShellScriptBuildPhase;
			buildActionMask = 2147483647;
			files = (
			);
			inputFileListPaths = (
			);
			inputPaths = (
				"${PODS_PODFILE_DIR_PATH}/Podfile.lock",
				"${PODS_ROOT}/Manifest.lock",
			);
			name = "[CP] Check Pods Manifest.lock";
			outputFileListPaths = (
			);
			outputPaths = (
				"$(DERIVED_FILE_DIR)/Pods-SoundCloud-checkManifestLockResult.txt",
			);
			runOnlyForDeploymentPostprocessing = 0;
			shellPath = /bin/sh;
			shellScript = "diff \"${PODS_PODFILE_DIR_PATH}/Podfile.lock\" \"${PODS_ROOT}/Manifest.lock\" > /dev/null\nif [ $? != 0 ] ; then\n    # print error to STDERR\n    echo \"error: The sandbox is not in sync with the Podfile.lock. Run 'pod install' or update your CocoaPods installation.\" >&2\n    exit 1\nfi\n# This output is used by Xcode 'outputs' to avoid re-running this script phase.\necho \"SUCCESS\" > \"${SCRIPT_OUTPUT_FILE_0}\"\n";
			showEnvVarsInLog = 0;
		};
/* End PBXShellScriptBuildPhase section */

/* Begin PBXSourcesBuildPhase section */
		CF646051251B905D00C03F2D /* Sources */ = {
			isa = PBXSourcesBuildPhase;
			buildActionMask = 2147483647;
			files = (
				CF4942A725A021F1008436C0 /* UIImageView+Extension.swift in Sources */,
				CF646096251B95C100C03F2D /* UIFont+Extension.swift in Sources */,
				CF418C6F25B09704002299F6 /* LikeSongViewController.swift in Sources */,
				CFA11DBE259F3E5E00AE3843 /* UIViewController+Extenstion.swift in Sources */,
				CFBED1822589B63500F19CD7 /* PaddingTextField.swift in Sources */,
				CF0A576D25AEB162008050F1 /* LibraryTableViewCell.swift in Sources */,
				CF0A577025AEB193008050F1 /* CreateYourLibraryTableView.swift in Sources */,
				CF4942AD25A03265008436C0 /* UILabel+Extension.swift in Sources */,
				CF048BE325AC9CD300914BD6 /* SettingHeaderView.swift in Sources */,
				CFBB192A259B289100CA58A1 /* AppConfig.swift in Sources */,
				CF7E496325AF320D004C97CD /* CreateYourPlayListViewController.swift in Sources */,
				CF3912B5259B38FA00979DA4 /* BaseConfig.swift in Sources */,
				CFDD317B2578F62300BF919E /* PlayListCollectionViewCell.swift in Sources */,
				CFB07A39259188E6008FD3AB /* AlbumViewController.swift in Sources */,
				CF459652251B9CAD0062158D /* BaseCollectionViewCell.swift in Sources */,
				CF26D8922590BBB5004B2EF9 /* YourLibraryViewController.swift in Sources */,
				CF0B0CAD25A4B28B007689B6 /* EndPointType.swift in Sources */,
				CF0B0CAE25A4B28B007689B6 /* ServiceErrorAPI.swift in Sources */,
				CF646092251B954600C03F2D /* UICollectionView+Extension.swift in Sources */,
				CF646098251B95CF00C03F2D /* UITableView+Extension.swift in Sources */,
				CF551ED5259F6775004D2C3B /* DishSongCellCollectionViewCell.swift in Sources */,
				CFB1AA1925ADF0D800356B26 /* SearchSongViewController.swift in Sources */,
				CFD66E6525AAD9DE00C14E6B /* SignUpViewModel.swift in Sources */,
				CF9A36B72590F170005323CE /* StackView+Extension.swift in Sources */,
				CF3912AF259B377300979DA4 /* ViewPlaySong.swift in Sources */,
				CF048BE625AC9CDC00914BD6 /* SettingFooterView.swift in Sources */,
				CF894AB025B28A53009EBE50 /* SectionHome.swift in Sources */,
				CF0DEF4025AB085C004AA0DA /* SettingTableViewCell.swift in Sources */,
				CFC49AAF259022630020B68B /* BaseAlertViewController.swift in Sources */,
				CF7222E8251B9E7D00F22E0F /* Dimensions.swift in Sources */,
				CF542E8825AE96350013D862 /* UIView+Extension.swift in Sources */,
				CF64609B251B972D00C03F2D /* ImageManager.swift in Sources */,
				CF0B0CB625A4B34D007689B6 /* SongTrack.swift in Sources */,
				CFD66E4325AAD5E600C14E6B /* SignInViewModel.swift in Sources */,
				CFB07A3D25918925008FD3AB /* HeaderViewCollectionReusableView.swift in Sources */,
				CFBED1862589C3E000F19CD7 /* SearchPlayerCollectionViewCell.swift in Sources */,
				CFA11DBB259F3DE700AE3843 /* AppRouters.swift in Sources */,
				CF459650251B9C7E0062158D /* BaseCollectionViewHeaderFooterCell.swift in Sources */,
				CFBB192D259B28CA00CA58A1 /* String+Extension.swift in Sources */,
				CF894A9525B2782D009EBE50 /* PlayListViewController.swift in Sources */,
				CFB07A542591A48C008FD3AB /* SongCollectionViewCell.swift in Sources */,
				CFC49AB22590242F0020B68B /* SignInViewController.swift in Sources */,
				CF551ECC259F66C4004D2C3B /* AnimatePlayVCHelper.swift in Sources */,
				CF646094251B95AA00C03F2D /* Array+Extention.swift in Sources */,
				CF894AAC25B2877F009EBE50 /* PlayList.swift in Sources */,
				CF0B0CAB25A4B28B007689B6 /* APIConfig.swift in Sources */,
				CF40F45A25996F18009BFF6C /* LoginViewController.swift in Sources */,
				CF0B0CB325A4B2B6007689B6 /* SongEndPoint.swift in Sources */,
				CF551ECF259F671F004D2C3B /* DetailViewPlaySong.swift in Sources */,
				CF3912B2259B38B900979DA4 /* MusicPlayer.swift in Sources */,
				CF418C6B25B087C1002299F6 /* Artist.swift in Sources */,
				CF0A577625AEB48F008050F1 /* YourPlayList.swift in Sources */,
				CF551ED2259F6748004D2C3B /* BaseDetailSongMusic.swift in Sources */,
				CFBB1930259B297E00CA58A1 /* Date+Extension.swift in Sources */,
				CFC8E542251D80F50080FC15 /* ZTabBarViewController.swift in Sources */,
				CF1E99E525AB3A5B005E8DE1 /* SettingViewModel.swift in Sources */,
				CF40F46025996FFD009BFF6C /* BaseView.swift in Sources */,
				CFD66E5E25AAD74100C14E6B /* UserSessionManager.swift in Sources */,
				CF0B0CAF25A4B28B007689B6 /* APIService.swift in Sources */,
				CFC8E546251D81380080FC15 /* SearchViewController.swift in Sources */,
				CFD66E4A25AAD65400C14E6B /* UserEndPoint.swift in Sources */,
				CFA11DC4259F43BB00AE3843 /* SettingViewController.swift in Sources */,
				CFD66E4E25AAD6F100C14E6B /* User.swift in Sources */,
				CFD9B58825789FDC009DABBD /* TabCollectionViewCell.swift in Sources */,
				CF45964E251B9C590062158D /* BaseViewController.swift in Sources */,
				CFD66E3F25AAD46A00C14E6B /* AlertManager.swift in Sources */,
				CF0A577325AEB370008050F1 /* EmptyPlayListSong.swift in Sources */,
				CF459656251B9CF00062158D /* BaseTableViewHeaderFooter.swift in Sources */,
				CF40F45D25996FCB009BFF6C /* TitleTextField.swift in Sources */,
				CF0E9586259B219A0077AB65 /* SignUpViewController.swift in Sources */,
				CF646090251B952D00C03F2D /* UIColor+Extension.swift in Sources */,
				CFD66E4725AAD61200C14E6B /* BaseViewModel.swift in Sources */,
				CF0B0CAC25A4B28B007689B6 /* APIResponse.swift in Sources */,
				CF85478E25AD3C1C000595A3 /* VerifyOTPViewController.swift in Sources */,
				CF646089251B90DE00C03F2D /* HomeViewController.swift in Sources */,
				CF646059251B905D00C03F2D /* AppDelegate.swift in Sources */,
				CF459654251B9CD60062158D /* BaseTableViewCell.swift in Sources */,
				CF64609D251B974B00C03F2D /* TextManager.swift in Sources */,
				CF6165B725B030380024AEE5 /* SettingProfileViewController.swift in Sources */,
				CFD66E6125AAD80200C14E6B /* AppInfo.swift in Sources */,
			);
			runOnlyForDeploymentPostprocessing = 0;
		};
/* End PBXSourcesBuildPhase section */

/* Begin PBXVariantGroup section */
		CF646063251B905E00C03F2D /* LaunchScreen.storyboard */ = {
			isa = PBXVariantGroup;
			children = (
				CF646064251B905E00C03F2D /* Base */,
			);
			name = LaunchScreen.storyboard;
			sourceTree = "<group>";
		};
/* End PBXVariantGroup section */

/* Begin XCBuildConfiguration section */
		CF64607D251B905E00C03F2D /* Debug */ = {
			isa = XCBuildConfiguration;
			buildSettings = {
				ALWAYS_SEARCH_USER_PATHS = NO;
				CLANG_ANALYZER_NONNULL = YES;
				CLANG_ANALYZER_NUMBER_OBJECT_CONVERSION = YES_AGGRESSIVE;
				CLANG_CXX_LANGUAGE_STANDARD = "gnu++14";
				CLANG_CXX_LIBRARY = "libc++";
				CLANG_ENABLE_MODULES = YES;
				CLANG_ENABLE_OBJC_ARC = YES;
				CLANG_ENABLE_OBJC_WEAK = YES;
				CLANG_WARN_BLOCK_CAPTURE_AUTORELEASING = YES;
				CLANG_WARN_BOOL_CONVERSION = YES;
				CLANG_WARN_COMMA = YES;
				CLANG_WARN_CONSTANT_CONVERSION = YES;
				CLANG_WARN_DEPRECATED_OBJC_IMPLEMENTATIONS = YES;
				CLANG_WARN_DIRECT_OBJC_ISA_USAGE = YES_ERROR;
				CLANG_WARN_DOCUMENTATION_COMMENTS = YES;
				CLANG_WARN_EMPTY_BODY = YES;
				CLANG_WARN_ENUM_CONVERSION = YES;
				CLANG_WARN_INFINITE_RECURSION = YES;
				CLANG_WARN_INT_CONVERSION = YES;
				CLANG_WARN_NON_LITERAL_NULL_CONVERSION = YES;
				CLANG_WARN_OBJC_IMPLICIT_RETAIN_SELF = YES;
				CLANG_WARN_OBJC_LITERAL_CONVERSION = YES;
				CLANG_WARN_OBJC_ROOT_CLASS = YES_ERROR;
				CLANG_WARN_RANGE_LOOP_ANALYSIS = YES;
				CLANG_WARN_STRICT_PROTOTYPES = YES;
				CLANG_WARN_SUSPICIOUS_MOVE = YES;
				CLANG_WARN_UNGUARDED_AVAILABILITY = YES_AGGRESSIVE;
				CLANG_WARN_UNREACHABLE_CODE = YES;
				CLANG_WARN__DUPLICATE_METHOD_MATCH = YES;
				COPY_PHASE_STRIP = NO;
				DEBUG_INFORMATION_FORMAT = dwarf;
				ENABLE_STRICT_OBJC_MSGSEND = YES;
				ENABLE_TESTABILITY = YES;
				GCC_C_LANGUAGE_STANDARD = gnu11;
				GCC_DYNAMIC_NO_PIC = NO;
				GCC_NO_COMMON_BLOCKS = YES;
				GCC_OPTIMIZATION_LEVEL = 0;
				GCC_PREPROCESSOR_DEFINITIONS = (
					"DEBUG=1",
					"$(inherited)",
				);
				GCC_WARN_64_TO_32_BIT_CONVERSION = YES;
				GCC_WARN_ABOUT_RETURN_TYPE = YES_ERROR;
				GCC_WARN_UNDECLARED_SELECTOR = YES;
				GCC_WARN_UNINITIALIZED_AUTOS = YES_AGGRESSIVE;
				GCC_WARN_UNUSED_FUNCTION = YES;
				GCC_WARN_UNUSED_VARIABLE = YES;
				IPHONEOS_DEPLOYMENT_TARGET = 11.0;
				MTL_ENABLE_DEBUG_INFO = INCLUDE_SOURCE;
				MTL_FAST_MATH = YES;
				ONLY_ACTIVE_ARCH = YES;
				SDKROOT = iphoneos;
				SWIFT_ACTIVE_COMPILATION_CONDITIONS = DEBUG;
				SWIFT_OPTIMIZATION_LEVEL = "-Onone";
			};
			name = Debug;
		};
		CF64607E251B905E00C03F2D /* Release */ = {
			isa = XCBuildConfiguration;
			buildSettings = {
				ALWAYS_SEARCH_USER_PATHS = NO;
				CLANG_ANALYZER_NONNULL = YES;
				CLANG_ANALYZER_NUMBER_OBJECT_CONVERSION = YES_AGGRESSIVE;
				CLANG_CXX_LANGUAGE_STANDARD = "gnu++14";
				CLANG_CXX_LIBRARY = "libc++";
				CLANG_ENABLE_MODULES = YES;
				CLANG_ENABLE_OBJC_ARC = YES;
				CLANG_ENABLE_OBJC_WEAK = YES;
				CLANG_WARN_BLOCK_CAPTURE_AUTORELEASING = YES;
				CLANG_WARN_BOOL_CONVERSION = YES;
				CLANG_WARN_COMMA = YES;
				CLANG_WARN_CONSTANT_CONVERSION = YES;
				CLANG_WARN_DEPRECATED_OBJC_IMPLEMENTATIONS = YES;
				CLANG_WARN_DIRECT_OBJC_ISA_USAGE = YES_ERROR;
				CLANG_WARN_DOCUMENTATION_COMMENTS = YES;
				CLANG_WARN_EMPTY_BODY = YES;
				CLANG_WARN_ENUM_CONVERSION = YES;
				CLANG_WARN_INFINITE_RECURSION = YES;
				CLANG_WARN_INT_CONVERSION = YES;
				CLANG_WARN_NON_LITERAL_NULL_CONVERSION = YES;
				CLANG_WARN_OBJC_IMPLICIT_RETAIN_SELF = YES;
				CLANG_WARN_OBJC_LITERAL_CONVERSION = YES;
				CLANG_WARN_OBJC_ROOT_CLASS = YES_ERROR;
				CLANG_WARN_RANGE_LOOP_ANALYSIS = YES;
				CLANG_WARN_STRICT_PROTOTYPES = YES;
				CLANG_WARN_SUSPICIOUS_MOVE = YES;
				CLANG_WARN_UNGUARDED_AVAILABILITY = YES_AGGRESSIVE;
				CLANG_WARN_UNREACHABLE_CODE = YES;
				CLANG_WARN__DUPLICATE_METHOD_MATCH = YES;
				COPY_PHASE_STRIP = NO;
				DEBUG_INFORMATION_FORMAT = "dwarf-with-dsym";
				ENABLE_NS_ASSERTIONS = NO;
				ENABLE_STRICT_OBJC_MSGSEND = YES;
				GCC_C_LANGUAGE_STANDARD = gnu11;
				GCC_NO_COMMON_BLOCKS = YES;
				GCC_WARN_64_TO_32_BIT_CONVERSION = YES;
				GCC_WARN_ABOUT_RETURN_TYPE = YES_ERROR;
				GCC_WARN_UNDECLARED_SELECTOR = YES;
				GCC_WARN_UNINITIALIZED_AUTOS = YES_AGGRESSIVE;
				GCC_WARN_UNUSED_FUNCTION = YES;
				GCC_WARN_UNUSED_VARIABLE = YES;
				IPHONEOS_DEPLOYMENT_TARGET = 11.0;
				MTL_ENABLE_DEBUG_INFO = NO;
				MTL_FAST_MATH = YES;
				SDKROOT = iphoneos;
				SWIFT_COMPILATION_MODE = wholemodule;
				SWIFT_OPTIMIZATION_LEVEL = "-O";
				VALIDATE_PRODUCT = YES;
			};
			name = Release;
		};
		CF646080251B905E00C03F2D /* Debug */ = {
			isa = XCBuildConfiguration;
			baseConfigurationReference = 9D5D5A1992C2EB6C34E75A12 /* Pods-SoundCloud.debug.xcconfig */;
			buildSettings = {
				ASSETCATALOG_COMPILER_APPICON_NAME = AppIcon;
				CODE_SIGN_STYLE = Automatic;
				DEVELOPMENT_TEAM = 98LCVSKDA3;
				ENABLE_PREVIEWS = YES;
				INFOPLIST_FILE = SoundCloud/Info.plist;
				IPHONEOS_DEPLOYMENT_TARGET = 11.0;
				LD_RUNPATH_SEARCH_PATHS = (
					"$(inherited)",
					"@executable_path/Frameworks",
				);
				PRODUCT_BUNDLE_IDENTIFIER = com.trunghieudang.SoundCloud;
				PRODUCT_NAME = "$(TARGET_NAME)";
				SWIFT_VERSION = 5.0;
				TARGETED_DEVICE_FAMILY = "1,2";
			};
			name = Debug;
		};
		CF646081251B905E00C03F2D /* Release */ = {
			isa = XCBuildConfiguration;
			baseConfigurationReference = 736F2D829458E6B7C00B1936 /* Pods-SoundCloud.release.xcconfig */;
			buildSettings = {
				ASSETCATALOG_COMPILER_APPICON_NAME = AppIcon;
				CODE_SIGN_STYLE = Automatic;
				DEVELOPMENT_TEAM = 98LCVSKDA3;
				ENABLE_PREVIEWS = YES;
				INFOPLIST_FILE = SoundCloud/Info.plist;
				IPHONEOS_DEPLOYMENT_TARGET = 11.0;
				LD_RUNPATH_SEARCH_PATHS = (
					"$(inherited)",
					"@executable_path/Frameworks",
				);
				PRODUCT_BUNDLE_IDENTIFIER = com.trunghieudang.SoundCloud;
				PRODUCT_NAME = "$(TARGET_NAME)";
				SWIFT_VERSION = 5.0;
				TARGETED_DEVICE_FAMILY = "1,2";
			};
			name = Release;
		};
/* End XCBuildConfiguration section */

/* Begin XCConfigurationList section */
		CF646050251B905D00C03F2D /* Build configuration list for PBXProject "SoundCloud" */ = {
			isa = XCConfigurationList;
			buildConfigurations = (
				CF64607D251B905E00C03F2D /* Debug */,
				CF64607E251B905E00C03F2D /* Release */,
			);
			defaultConfigurationIsVisible = 0;
			defaultConfigurationName = Release;
		};
		CF64607F251B905E00C03F2D /* Build configuration list for PBXNativeTarget "SoundCloud" */ = {
			isa = XCConfigurationList;
			buildConfigurations = (
				CF646080251B905E00C03F2D /* Debug */,
				CF646081251B905E00C03F2D /* Release */,
			);
			defaultConfigurationIsVisible = 0;
			defaultConfigurationName = Release;
		};
/* End XCConfigurationList section */
	};
	rootObject = CF64604D251B905D00C03F2D /* Project object */;
}
