// !$*UTF8*$!
{
	archiveVersion = 1;
	classes = {
	};
	objectVersion = 51;
	objects = {

/* Begin PBXBuildFile section */
		8EC805BBEF5316A9FD1E7FD5 /* Pods_SoundCloud.framework in Frameworks */ = {isa = PBXBuildFile; fileRef = 63F110FA1BCA958983F5DADA /* Pods_SoundCloud.framework */; };
		CF45964E251B9C590062158D /* BaseViewController.swift in Sources */ = {isa = PBXBuildFile; fileRef = CF45964D251B9C590062158D /* BaseViewController.swift */; };
		CF459650251B9C7E0062158D /* BaseCollectionViewHeaderFooterCell.swift in Sources */ = {isa = PBXBuildFile; fileRef = CF45964F251B9C7E0062158D /* BaseCollectionViewHeaderFooterCell.swift */; };
		CF459652251B9CAD0062158D /* BaseCollectionViewCell.swift in Sources */ = {isa = PBXBuildFile; fileRef = CF459651251B9CAD0062158D /* BaseCollectionViewCell.swift */; };
		CF459654251B9CD60062158D /* BaseTableViewCell.swift in Sources */ = {isa = PBXBuildFile; fileRef = CF459653251B9CD60062158D /* BaseTableViewCell.swift */; };
		CF459656251B9CF00062158D /* BaseTableViewHeaderFooter.swift in Sources */ = {isa = PBXBuildFile; fileRef = CF459655251B9CF00062158D /* BaseTableViewHeaderFooter.swift */; };
		CF646059251B905D00C03F2D /* AppDelegate.swift in Sources */ = {isa = PBXBuildFile; fileRef = CF646058251B905D00C03F2D /* AppDelegate.swift */; };
		CF646065251B905E00C03F2D /* LaunchScreen.storyboard in Resources */ = {isa = PBXBuildFile; fileRef = CF646063251B905E00C03F2D /* LaunchScreen.storyboard */; };
		CF646089251B90DE00C03F2D /* HomeViewController.swift in Sources */ = {isa = PBXBuildFile; fileRef = CF646088251B90DE00C03F2D /* HomeViewController.swift */; };
		CF646090251B952D00C03F2D /* UIColor+Extension.swift in Sources */ = {isa = PBXBuildFile; fileRef = CF64608F251B952D00C03F2D /* UIColor+Extension.swift */; };
		CF646092251B954600C03F2D /* UICollectionView+Extension.swift in Sources */ = {isa = PBXBuildFile; fileRef = CF646091251B954600C03F2D /* UICollectionView+Extension.swift */; };
		CF646094251B95AA00C03F2D /* Array+Extention.swift in Sources */ = {isa = PBXBuildFile; fileRef = CF646093251B95AA00C03F2D /* Array+Extention.swift */; };
		CF646096251B95C100C03F2D /* UIFont+Extension.swift in Sources */ = {isa = PBXBuildFile; fileRef = CF646095251B95C100C03F2D /* UIFont+Extension.swift */; };
		CF646098251B95CF00C03F2D /* UITableView+Extension.swift in Sources */ = {isa = PBXBuildFile; fileRef = CF646097251B95CE00C03F2D /* UITableView+Extension.swift */; };
		CF64609B251B972D00C03F2D /* ImageManager.swift in Sources */ = {isa = PBXBuildFile; fileRef = CF64609A251B972D00C03F2D /* ImageManager.swift */; };
		CF64609D251B974B00C03F2D /* TextManager.swift in Sources */ = {isa = PBXBuildFile; fileRef = CF64609C251B974B00C03F2D /* TextManager.swift */; };
		CF7222E8251B9E7D00F22E0F /* Dimensions.swift in Sources */ = {isa = PBXBuildFile; fileRef = CF7222E7251B9E7D00F22E0F /* Dimensions.swift */; };
		CFC8E542251D80F50080FC15 /* ZTabBarViewController.swift in Sources */ = {isa = PBXBuildFile; fileRef = CFC8E541251D80F50080FC15 /* ZTabBarViewController.swift */; };
		CFC8E546251D81380080FC15 /* SearchViewController.swift in Sources */ = {isa = PBXBuildFile; fileRef = CFC8E545251D81380080FC15 /* SearchViewController.swift */; };
		CFC8E548251D81470080FC15 /* YourLibraryViewController.swift in Sources */ = {isa = PBXBuildFile; fileRef = CFC8E547251D81470080FC15 /* YourLibraryViewController.swift */; };
		CFD9B58825789FDC009DABBD /* TabCellCollectionViewCell.swift in Sources */ = {isa = PBXBuildFile; fileRef = CFD9B58725789FDC009DABBD /* TabCellCollectionViewCell.swift */; };
		CFDD31782578E83700BF919E /* TrackModel.swift in Sources */ = {isa = PBXBuildFile; fileRef = CFDD31772578E83700BF919E /* TrackModel.swift */; };
		CFDD317B2578F62300BF919E /* SongPlayerCollectionViewCell.swift in Sources */ = {isa = PBXBuildFile; fileRef = CFDD317A2578F62300BF919E /* SongPlayerCollectionViewCell.swift */; };
		CFEE6B392577FF9A00519368 /* Assets.xcassets in Resources */ = {isa = PBXBuildFile; fileRef = CFEE6B382577FF9A00519368 /* Assets.xcassets */; };
		CFF42C5C257891CC000E3DC2 /* TimeLineViewController.swift in Sources */ = {isa = PBXBuildFile; fileRef = CFF42C5B257891CC000E3DC2 /* TimeLineViewController.swift */; };
		CFF42C5F257891DB000E3DC2 /* RecentlyPlayedCollectionViewCell.swift in Sources */ = {isa = PBXBuildFile; fileRef = CFF42C5E257891DB000E3DC2 /* RecentlyPlayedCollectionViewCell.swift */; };
		CFF42C62257891F2000E3DC2 /* MadeForYouCollectionViewCell.swift in Sources */ = {isa = PBXBuildFile; fileRef = CFF42C61257891F2000E3DC2 /* MadeForYouCollectionViewCell.swift */; };
		CFF42C6B257896E1000E3DC2 /* HomeCollectionViewHeaderCell.swift in Sources */ = {isa = PBXBuildFile; fileRef = CFF42C6A257896E1000E3DC2 /* HomeCollectionViewHeaderCell.swift */; };
/* End PBXBuildFile section */

/* Begin PBXFileReference section */
		63F110FA1BCA958983F5DADA /* Pods_SoundCloud.framework */ = {isa = PBXFileReference; explicitFileType = wrapper.framework; includeInIndex = 0; path = Pods_SoundCloud.framework; sourceTree = BUILT_PRODUCTS_DIR; };
		736F2D829458E6B7C00B1936 /* Pods-SoundCloud.release.xcconfig */ = {isa = PBXFileReference; includeInIndex = 1; lastKnownFileType = text.xcconfig; name = "Pods-SoundCloud.release.xcconfig"; path = "Target Support Files/Pods-SoundCloud/Pods-SoundCloud.release.xcconfig"; sourceTree = "<group>"; };
		9D5D5A1992C2EB6C34E75A12 /* Pods-SoundCloud.debug.xcconfig */ = {isa = PBXFileReference; includeInIndex = 1; lastKnownFileType = text.xcconfig; name = "Pods-SoundCloud.debug.xcconfig"; path = "Target Support Files/Pods-SoundCloud/Pods-SoundCloud.debug.xcconfig"; sourceTree = "<group>"; };
		CF45964D251B9C590062158D /* BaseViewController.swift */ = {isa = PBXFileReference; lastKnownFileType = sourcecode.swift; path = BaseViewController.swift; sourceTree = "<group>"; };
		CF45964F251B9C7E0062158D /* BaseCollectionViewHeaderFooterCell.swift */ = {isa = PBXFileReference; lastKnownFileType = sourcecode.swift; path = BaseCollectionViewHeaderFooterCell.swift; sourceTree = "<group>"; };
		CF459651251B9CAD0062158D /* BaseCollectionViewCell.swift */ = {isa = PBXFileReference; lastKnownFileType = sourcecode.swift; path = BaseCollectionViewCell.swift; sourceTree = "<group>"; };
		CF459653251B9CD60062158D /* BaseTableViewCell.swift */ = {isa = PBXFileReference; lastKnownFileType = sourcecode.swift; path = BaseTableViewCell.swift; sourceTree = "<group>"; };
		CF459655251B9CF00062158D /* BaseTableViewHeaderFooter.swift */ = {isa = PBXFileReference; lastKnownFileType = sourcecode.swift; path = BaseTableViewHeaderFooter.swift; sourceTree = "<group>"; };
		CF646055251B905D00C03F2D /* SoundCloud.app */ = {isa = PBXFileReference; explicitFileType = wrapper.application; includeInIndex = 0; path = SoundCloud.app; sourceTree = BUILT_PRODUCTS_DIR; };
		CF646058251B905D00C03F2D /* AppDelegate.swift */ = {isa = PBXFileReference; lastKnownFileType = sourcecode.swift; path = AppDelegate.swift; sourceTree = "<group>"; };
		CF646064251B905E00C03F2D /* Base */ = {isa = PBXFileReference; lastKnownFileType = file.storyboard; name = Base; path = Base.lproj/LaunchScreen.storyboard; sourceTree = "<group>"; };
		CF646066251B905E00C03F2D /* Info.plist */ = {isa = PBXFileReference; lastKnownFileType = text.plist.xml; path = Info.plist; sourceTree = "<group>"; };
		CF646088251B90DE00C03F2D /* HomeViewController.swift */ = {isa = PBXFileReference; lastKnownFileType = sourcecode.swift; path = HomeViewController.swift; sourceTree = "<group>"; };
		CF64608F251B952D00C03F2D /* UIColor+Extension.swift */ = {isa = PBXFileReference; lastKnownFileType = sourcecode.swift; path = "UIColor+Extension.swift"; sourceTree = "<group>"; };
		CF646091251B954600C03F2D /* UICollectionView+Extension.swift */ = {isa = PBXFileReference; lastKnownFileType = sourcecode.swift; path = "UICollectionView+Extension.swift"; sourceTree = "<group>"; };
		CF646093251B95AA00C03F2D /* Array+Extention.swift */ = {isa = PBXFileReference; lastKnownFileType = sourcecode.swift; path = "Array+Extention.swift"; sourceTree = "<group>"; };
		CF646095251B95C100C03F2D /* UIFont+Extension.swift */ = {isa = PBXFileReference; lastKnownFileType = sourcecode.swift; path = "UIFont+Extension.swift"; sourceTree = "<group>"; };
		CF646097251B95CE00C03F2D /* UITableView+Extension.swift */ = {isa = PBXFileReference; lastKnownFileType = sourcecode.swift; path = "UITableView+Extension.swift"; sourceTree = "<group>"; };
		CF64609A251B972D00C03F2D /* ImageManager.swift */ = {isa = PBXFileReference; lastKnownFileType = sourcecode.swift; path = ImageManager.swift; sourceTree = "<group>"; };
		CF64609C251B974B00C03F2D /* TextManager.swift */ = {isa = PBXFileReference; lastKnownFileType = sourcecode.swift; path = TextManager.swift; sourceTree = "<group>"; };
		CF7222E7251B9E7D00F22E0F /* Dimensions.swift */ = {isa = PBXFileReference; lastKnownFileType = sourcecode.swift; path = Dimensions.swift; sourceTree = "<group>"; };
		CFC8E541251D80F50080FC15 /* ZTabBarViewController.swift */ = {isa = PBXFileReference; lastKnownFileType = sourcecode.swift; name = ZTabBarViewController.swift; path = SoundCloud/ZTabBarViewController.swift; sourceTree = SOURCE_ROOT; };
		CFC8E545251D81380080FC15 /* SearchViewController.swift */ = {isa = PBXFileReference; lastKnownFileType = sourcecode.swift; path = SearchViewController.swift; sourceTree = "<group>"; };
		CFC8E547251D81470080FC15 /* YourLibraryViewController.swift */ = {isa = PBXFileReference; lastKnownFileType = sourcecode.swift; path = YourLibraryViewController.swift; sourceTree = "<group>"; };
		CFD9B58725789FDC009DABBD /* TabCellCollectionViewCell.swift */ = {isa = PBXFileReference; lastKnownFileType = sourcecode.swift; path = TabCellCollectionViewCell.swift; sourceTree = "<group>"; };
		CFDD31772578E83700BF919E /* TrackModel.swift */ = {isa = PBXFileReference; lastKnownFileType = sourcecode.swift; path = TrackModel.swift; sourceTree = "<group>"; };
		CFDD317A2578F62300BF919E /* SongPlayerCollectionViewCell.swift */ = {isa = PBXFileReference; lastKnownFileType = sourcecode.swift; path = SongPlayerCollectionViewCell.swift; sourceTree = "<group>"; };
		CFEE6B382577FF9A00519368 /* Assets.xcassets */ = {isa = PBXFileReference; lastKnownFileType = folder.assetcatalog; path = Assets.xcassets; sourceTree = "<group>"; };
		CFF42C5B257891CC000E3DC2 /* TimeLineViewController.swift */ = {isa = PBXFileReference; lastKnownFileType = sourcecode.swift; path = TimeLineViewController.swift; sourceTree = "<group>"; };
		CFF42C5E257891DB000E3DC2 /* RecentlyPlayedCollectionViewCell.swift */ = {isa = PBXFileReference; lastKnownFileType = sourcecode.swift; path = RecentlyPlayedCollectionViewCell.swift; sourceTree = "<group>"; };
		CFF42C61257891F2000E3DC2 /* MadeForYouCollectionViewCell.swift */ = {isa = PBXFileReference; lastKnownFileType = sourcecode.swift; path = MadeForYouCollectionViewCell.swift; sourceTree = "<group>"; };
		CFF42C6A257896E1000E3DC2 /* HomeCollectionViewHeaderCell.swift */ = {isa = PBXFileReference; lastKnownFileType = sourcecode.swift; path = HomeCollectionViewHeaderCell.swift; sourceTree = "<group>"; };
/* End PBXFileReference section */

/* Begin PBXFrameworksBuildPhase section */
		CF646052251B905D00C03F2D /* Frameworks */ = {
			isa = PBXFrameworksBuildPhase;
			buildActionMask = 2147483647;
			files = (
				8EC805BBEF5316A9FD1E7FD5 /* Pods_SoundCloud.framework in Frameworks */,
			);
			runOnlyForDeploymentPostprocessing = 0;
		};
/* End PBXFrameworksBuildPhase section */

/* Begin PBXGroup section */
		31CD045938D3017019B5B327 /* Pods */ = {
			isa = PBXGroup;
			children = (
				9D5D5A1992C2EB6C34E75A12 /* Pods-SoundCloud.debug.xcconfig */,
				736F2D829458E6B7C00B1936 /* Pods-SoundCloud.release.xcconfig */,
			);
			path = Pods;
			sourceTree = "<group>";
		};
		4C7A0BFA090D0952A74DA458 /* Frameworks */ = {
			isa = PBXGroup;
			children = (
				63F110FA1BCA958983F5DADA /* Pods_SoundCloud.framework */,
			);
			name = Frameworks;
			sourceTree = "<group>";
		};
		CF45964B251B9C320062158D /* Bases */ = {
			isa = PBXGroup;
			children = (
				CF45964C251B9C3F0062158D /* UIView */,
			);
			path = Bases;
			sourceTree = "<group>";
		};
		CF45964C251B9C3F0062158D /* UIView */ = {
			isa = PBXGroup;
			children = (
				CF45964D251B9C590062158D /* BaseViewController.swift */,
				CF45964F251B9C7E0062158D /* BaseCollectionViewHeaderFooterCell.swift */,
				CF459651251B9CAD0062158D /* BaseCollectionViewCell.swift */,
				CF459653251B9CD60062158D /* BaseTableViewCell.swift */,
				CF459655251B9CF00062158D /* BaseTableViewHeaderFooter.swift */,
			);
			path = UIView;
			sourceTree = "<group>";
		};
		CF64604C251B905D00C03F2D = {
			isa = PBXGroup;
			children = (
				CF646057251B905D00C03F2D /* SoundCloud */,
				CF646056251B905D00C03F2D /* Products */,
				31CD045938D3017019B5B327 /* Pods */,
				4C7A0BFA090D0952A74DA458 /* Frameworks */,
			);
			sourceTree = "<group>";
		};
		CF646056251B905D00C03F2D /* Products */ = {
			isa = PBXGroup;
			children = (
				CF646055251B905D00C03F2D /* SoundCloud.app */,
			);
			name = Products;
			sourceTree = "<group>";
		};
		CF646057251B905D00C03F2D /* SoundCloud */ = {
			isa = PBXGroup;
			children = (
				CF64608A251B94D900C03F2D /* Supports */,
				CF64608B251B94E500C03F2D /* StoryBoards */,
				CF64608D251B950A00C03F2D /* Extensions */,
				CF646099251B971400C03F2D /* Managers */,
				CF7222E6251B9E6900F22E0F /* Commons */,
				CF45964B251B9C320062158D /* Bases */,
				CF64608C251B94FB00C03F2D /* Features */,
				CF646066251B905E00C03F2D /* Info.plist */,
			);
			path = SoundCloud;
			sourceTree = "<group>";
		};
		CF64608A251B94D900C03F2D /* Supports */ = {
			isa = PBXGroup;
			children = (
				CFEE6B382577FF9A00519368 /* Assets.xcassets */,
				CF646058251B905D00C03F2D /* AppDelegate.swift */,
			);
			path = Supports;
			sourceTree = "<group>";
		};
		CF64608B251B94E500C03F2D /* StoryBoards */ = {
			isa = PBXGroup;
			children = (
				CF646063251B905E00C03F2D /* LaunchScreen.storyboard */,
			);
			path = StoryBoards;
			sourceTree = "<group>";
		};
		CF64608C251B94FB00C03F2D /* Features */ = {
			isa = PBXGroup;
			children = (
				CF6460A1251B979900C03F2D /* Library */,
				CF6460A0251B978F00C03F2D /* Search */,
				CF64609E251B977C00C03F2D /* Home */,
				CFC8E541251D80F50080FC15 /* ZTabBarViewController.swift */,
			);
			path = Features;
			sourceTree = "<group>";
		};
		CF64608D251B950A00C03F2D /* Extensions */ = {
			isa = PBXGroup;
			children = (
				CF64608E251B951400C03F2D /* UIKit */,
			);
			path = Extensions;
			sourceTree = "<group>";
		};
		CF64608E251B951400C03F2D /* UIKit */ = {
			isa = PBXGroup;
			children = (
				CF64608F251B952D00C03F2D /* UIColor+Extension.swift */,
				CF646091251B954600C03F2D /* UICollectionView+Extension.swift */,
				CF646093251B95AA00C03F2D /* Array+Extention.swift */,
				CF646095251B95C100C03F2D /* UIFont+Extension.swift */,
				CF646097251B95CE00C03F2D /* UITableView+Extension.swift */,
			);
			path = UIKit;
			sourceTree = "<group>";
		};
		CF646099251B971400C03F2D /* Managers */ = {
			isa = PBXGroup;
			children = (
				CF64609A251B972D00C03F2D /* ImageManager.swift */,
				CF64609C251B974B00C03F2D /* TextManager.swift */,
			);
			path = Managers;
			sourceTree = "<group>";
		};
		CF64609E251B977C00C03F2D /* Home */ = {
			isa = PBXGroup;
			children = (
				CFD9B58625789F9C009DABBD /* ViewCell */,
				CFF42C5A25789114000E3DC2 /* MadeForYou */,
				CFF42C5925789105000E3DC2 /* RecentlyPlayed */,
				CFF42C58257890EE000E3DC2 /* TimeLine */,
				CF646088251B90DE00C03F2D /* HomeViewController.swift */,
				CFF42C6A257896E1000E3DC2 /* HomeCollectionViewHeaderCell.swift */,
			);
			path = Home;
			sourceTree = "<group>";
		};
		CF6460A0251B978F00C03F2D /* Search */ = {
			isa = PBXGroup;
			children = (
				CFC8E545251D81380080FC15 /* SearchViewController.swift */,
			);
			path = Search;
			sourceTree = "<group>";
		};
		CF6460A1251B979900C03F2D /* Library */ = {
			isa = PBXGroup;
			children = (
				CFC8E547251D81470080FC15 /* YourLibraryViewController.swift */,
			);
			path = Library;
			sourceTree = "<group>";
		};
		CF7222E6251B9E6900F22E0F /* Commons */ = {
			isa = PBXGroup;
			children = (
				CF7222E7251B9E7D00F22E0F /* Dimensions.swift */,
			);
			path = Commons;
			sourceTree = "<group>";
		};
		CFD9B58625789F9C009DABBD /* ViewCell */ = {
			isa = PBXGroup;
			children = (
				CFD9B58725789FDC009DABBD /* TabCellCollectionViewCell.swift */,
				CFDD31772578E83700BF919E /* TrackModel.swift */,
				CFDD317A2578F62300BF919E /* SongPlayerCollectionViewCell.swift */,
			);
			path = ViewCell;
			sourceTree = "<group>";
		};
		CFF42C58257890EE000E3DC2 /* TimeLine */ = {
			isa = PBXGroup;
			children = (
				CFF42C5B257891CC000E3DC2 /* TimeLineViewController.swift */,
			);
			path = TimeLine;
			sourceTree = "<group>";
		};
		CFF42C5925789105000E3DC2 /* RecentlyPlayed */ = {
			isa = PBXGroup;
			children = (
				CFF42C5E257891DB000E3DC2 /* RecentlyPlayedCollectionViewCell.swift */,
			);
			path = RecentlyPlayed;
			sourceTree = "<group>";
		};
		CFF42C5A25789114000E3DC2 /* MadeForYou */ = {
			isa = PBXGroup;
			children = (
				CFF42C61257891F2000E3DC2 /* MadeForYouCollectionViewCell.swift */,
			);
			path = MadeForYou;
			sourceTree = "<group>";
		};
/* End PBXGroup section */

/* Begin PBXNativeTarget section */
		CF646054251B905D00C03F2D /* SoundCloud */ = {
			isa = PBXNativeTarget;
			buildConfigurationList = CF64607F251B905E00C03F2D /* Build configuration list for PBXNativeTarget "SoundCloud" */;
			buildPhases = (
				68D95EEAAAE3A422BA0D3C99 /* [CP] Check Pods Manifest.lock */,
				CF646051251B905D00C03F2D /* Sources */,
				CF646052251B905D00C03F2D /* Frameworks */,
				CF646053251B905D00C03F2D /* Resources */,
				3CAEB35E3BA998F97E403AF5 /* [CP] Embed Pods Frameworks */,
			);
			buildRules = (
			);
			dependencies = (
			);
			name = SoundCloud;
			productName = SoundCloud;
			productReference = CF646055251B905D00C03F2D /* SoundCloud.app */;
			productType = "com.apple.product-type.application";
		};
/* End PBXNativeTarget section */

/* Begin PBXProject section */
		CF64604D251B905D00C03F2D /* Project object */ = {
			isa = PBXProject;
			attributes = {
				LastSwiftUpdateCheck = 1100;
				LastUpgradeCheck = 1100;
				ORGANIZATIONNAME = "Dang Trung Hieu";
				TargetAttributes = {
					CF646054251B905D00C03F2D = {
						CreatedOnToolsVersion = 11.0;
					};
				};
			};
			buildConfigurationList = CF646050251B905D00C03F2D /* Build configuration list for PBXProject "SoundCloud" */;
			compatibilityVersion = "Xcode 9.3";
			developmentRegion = en;
			hasScannedForEncodings = 0;
			knownRegions = (
				en,
				Base,
			);
			mainGroup = CF64604C251B905D00C03F2D;
			productRefGroup = CF646056251B905D00C03F2D /* Products */;
			projectDirPath = "";
			projectRoot = "";
			targets = (
				CF646054251B905D00C03F2D /* SoundCloud */,
			);
		};
/* End PBXProject section */

/* Begin PBXResourcesBuildPhase section */
		CF646053251B905D00C03F2D /* Resources */ = {
			isa = PBXResourcesBuildPhase;
			buildActionMask = 2147483647;
			files = (
				CFEE6B392577FF9A00519368 /* Assets.xcassets in Resources */,
				CF646065251B905E00C03F2D /* LaunchScreen.storyboard in Resources */,
			);
			runOnlyForDeploymentPostprocessing = 0;
		};
/* End PBXResourcesBuildPhase section */

/* Begin PBXShellScriptBuildPhase section */
		3CAEB35E3BA998F97E403AF5 /* [CP] Embed Pods Frameworks */ = {
			isa = PBXShellScriptBuildPhase;
			buildActionMask = 2147483647;
			files = (
			);
			inputFileListPaths = (
				"${PODS_ROOT}/Target Support Files/Pods-SoundCloud/Pods-SoundCloud-frameworks-${CONFIGURATION}-input-files.xcfilelist",
			);
			name = "[CP] Embed Pods Frameworks";
			outputFileListPaths = (
				"${PODS_ROOT}/Target Support Files/Pods-SoundCloud/Pods-SoundCloud-frameworks-${CONFIGURATION}-output-files.xcfilelist",
			);
			runOnlyForDeploymentPostprocessing = 0;
			shellPath = /bin/sh;
			shellScript = "\"${PODS_ROOT}/Target Support Files/Pods-SoundCloud/Pods-SoundCloud-frameworks.sh\"\n";
			showEnvVarsInLog = 0;
		};
		68D95EEAAAE3A422BA0D3C99 /* [CP] Check Pods Manifest.lock */ = {
			isa = PBXShellScriptBuildPhase;
			buildActionMask = 2147483647;
			files = (
			);
			inputFileListPaths = (
			);
			inputPaths = (
				"${PODS_PODFILE_DIR_PATH}/Podfile.lock",
				"${PODS_ROOT}/Manifest.lock",
			);
			name = "[CP] Check Pods Manifest.lock";
			outputFileListPaths = (
			);
			outputPaths = (
				"$(DERIVED_FILE_DIR)/Pods-SoundCloud-checkManifestLockResult.txt",
			);
			runOnlyForDeploymentPostprocessing = 0;
			shellPath = /bin/sh;
			shellScript = "diff \"${PODS_PODFILE_DIR_PATH}/Podfile.lock\" \"${PODS_ROOT}/Manifest.lock\" > /dev/null\nif [ $? != 0 ] ; then\n    # print error to STDERR\n    echo \"error: The sandbox is not in sync with the Podfile.lock. Run 'pod install' or update your CocoaPods installation.\" >&2\n    exit 1\nfi\n# This output is used by Xcode 'outputs' to avoid re-running this script phase.\necho \"SUCCESS\" > \"${SCRIPT_OUTPUT_FILE_0}\"\n";
			showEnvVarsInLog = 0;
		};
/* End PBXShellScriptBuildPhase section */

/* Begin PBXSourcesBuildPhase section */
		CF646051251B905D00C03F2D /* Sources */ = {
			isa = PBXSourcesBuildPhase;
			buildActionMask = 2147483647;
			files = (
				CF646096251B95C100C03F2D /* UIFont+Extension.swift in Sources */,
				CFDD31782578E83700BF919E /* TrackModel.swift in Sources */,
				CFDD317B2578F62300BF919E /* SongPlayerCollectionViewCell.swift in Sources */,
				CF459652251B9CAD0062158D /* BaseCollectionViewCell.swift in Sources */,
				CFF42C62257891F2000E3DC2 /* MadeForYouCollectionViewCell.swift in Sources */,
				CF646092251B954600C03F2D /* UICollectionView+Extension.swift in Sources */,
				CFF42C5C257891CC000E3DC2 /* TimeLineViewController.swift in Sources */,
				CF646098251B95CF00C03F2D /* UITableView+Extension.swift in Sources */,
				CF7222E8251B9E7D00F22E0F /* Dimensions.swift in Sources */,
				CF64609B251B972D00C03F2D /* ImageManager.swift in Sources */,
				CFC8E548251D81470080FC15 /* YourLibraryViewController.swift in Sources */,
				CF459650251B9C7E0062158D /* BaseCollectionViewHeaderFooterCell.swift in Sources */,
				CFF42C5F257891DB000E3DC2 /* RecentlyPlayedCollectionViewCell.swift in Sources */,
				CF646094251B95AA00C03F2D /* Array+Extention.swift in Sources */,
				CFC8E542251D80F50080FC15 /* ZTabBarViewController.swift in Sources */,
				CFC8E546251D81380080FC15 /* SearchViewController.swift in Sources */,
				CFD9B58825789FDC009DABBD /* TabCellCollectionViewCell.swift in Sources */,
				CF45964E251B9C590062158D /* BaseViewController.swift in Sources */,
				CF459656251B9CF00062158D /* BaseTableViewHeaderFooter.swift in Sources */,
				CF646090251B952D00C03F2D /* UIColor+Extension.swift in Sources */,
				CF646089251B90DE00C03F2D /* HomeViewController.swift in Sources */,
				CF646059251B905D00C03F2D /* AppDelegate.swift in Sources */,
				CF459654251B9CD60062158D /* BaseTableViewCell.swift in Sources */,
				CFF42C6B257896E1000E3DC2 /* HomeCollectionViewHeaderCell.swift in Sources */,
				CF64609D251B974B00C03F2D /* TextManager.swift in Sources */,
			);
			runOnlyForDeploymentPostprocessing = 0;
		};
/* End PBXSourcesBuildPhase section */

/* Begin PBXVariantGroup section */
		CF646063251B905E00C03F2D /* LaunchScreen.storyboard */ = {
			isa = PBXVariantGroup;
			children = (
				CF646064251B905E00C03F2D /* Base */,
			);
			name = LaunchScreen.storyboard;
			sourceTree = "<group>";
		};
/* End PBXVariantGroup section */

/* Begin XCBuildConfiguration section */
		CF64607D251B905E00C03F2D /* Debug */ = {
			isa = XCBuildConfiguration;
			buildSettings = {
				ALWAYS_SEARCH_USER_PATHS = NO;
				CLANG_ANALYZER_NONNULL = YES;
				CLANG_ANALYZER_NUMBER_OBJECT_CONVERSION = YES_AGGRESSIVE;
				CLANG_CXX_LANGUAGE_STANDARD = "gnu++14";
				CLANG_CXX_LIBRARY = "libc++";
				CLANG_ENABLE_MODULES = YES;
				CLANG_ENABLE_OBJC_ARC = YES;
				CLANG_ENABLE_OBJC_WEAK = YES;
				CLANG_WARN_BLOCK_CAPTURE_AUTORELEASING = YES;
				CLANG_WARN_BOOL_CONVERSION = YES;
				CLANG_WARN_COMMA = YES;
				CLANG_WARN_CONSTANT_CONVERSION = YES;
				CLANG_WARN_DEPRECATED_OBJC_IMPLEMENTATIONS = YES;
				CLANG_WARN_DIRECT_OBJC_ISA_USAGE = YES_ERROR;
				CLANG_WARN_DOCUMENTATION_COMMENTS = YES;
				CLANG_WARN_EMPTY_BODY = YES;
				CLANG_WARN_ENUM_CONVERSION = YES;
				CLANG_WARN_INFINITE_RECURSION = YES;
				CLANG_WARN_INT_CONVERSION = YES;
				CLANG_WARN_NON_LITERAL_NULL_CONVERSION = YES;
				CLANG_WARN_OBJC_IMPLICIT_RETAIN_SELF = YES;
				CLANG_WARN_OBJC_LITERAL_CONVERSION = YES;
				CLANG_WARN_OBJC_ROOT_CLASS = YES_ERROR;
				CLANG_WARN_RANGE_LOOP_ANALYSIS = YES;
				CLANG_WARN_STRICT_PROTOTYPES = YES;
				CLANG_WARN_SUSPICIOUS_MOVE = YES;
				CLANG_WARN_UNGUARDED_AVAILABILITY = YES_AGGRESSIVE;
				CLANG_WARN_UNREACHABLE_CODE = YES;
				CLANG_WARN__DUPLICATE_METHOD_MATCH = YES;
				COPY_PHASE_STRIP = NO;
				DEBUG_INFORMATION_FORMAT = dwarf;
				ENABLE_STRICT_OBJC_MSGSEND = YES;
				ENABLE_TESTABILITY = YES;
				GCC_C_LANGUAGE_STANDARD = gnu11;
				GCC_DYNAMIC_NO_PIC = NO;
				GCC_NO_COMMON_BLOCKS = YES;
				GCC_OPTIMIZATION_LEVEL = 0;
				GCC_PREPROCESSOR_DEFINITIONS = (
					"DEBUG=1",
					"$(inherited)",
				);
				GCC_WARN_64_TO_32_BIT_CONVERSION = YES;
				GCC_WARN_ABOUT_RETURN_TYPE = YES_ERROR;
				GCC_WARN_UNDECLARED_SELECTOR = YES;
				GCC_WARN_UNINITIALIZED_AUTOS = YES_AGGRESSIVE;
				GCC_WARN_UNUSED_FUNCTION = YES;
				GCC_WARN_UNUSED_VARIABLE = YES;
				IPHONEOS_DEPLOYMENT_TARGET = 11.0;
				MTL_ENABLE_DEBUG_INFO = INCLUDE_SOURCE;
				MTL_FAST_MATH = YES;
				ONLY_ACTIVE_ARCH = YES;
				SDKROOT = iphoneos;
				SWIFT_ACTIVE_COMPILATION_CONDITIONS = DEBUG;
				SWIFT_OPTIMIZATION_LEVEL = "-Onone";
			};
			name = Debug;
		};
		CF64607E251B905E00C03F2D /* Release */ = {
			isa = XCBuildConfiguration;
			buildSettings = {
				ALWAYS_SEARCH_USER_PATHS = NO;
				CLANG_ANALYZER_NONNULL = YES;
				CLANG_ANALYZER_NUMBER_OBJECT_CONVERSION = YES_AGGRESSIVE;
				CLANG_CXX_LANGUAGE_STANDARD = "gnu++14";
				CLANG_CXX_LIBRARY = "libc++";
				CLANG_ENABLE_MODULES = YES;
				CLANG_ENABLE_OBJC_ARC = YES;
				CLANG_ENABLE_OBJC_WEAK = YES;
				CLANG_WARN_BLOCK_CAPTURE_AUTORELEASING = YES;
				CLANG_WARN_BOOL_CONVERSION = YES;
				CLANG_WARN_COMMA = YES;
				CLANG_WARN_CONSTANT_CONVERSION = YES;
				CLANG_WARN_DEPRECATED_OBJC_IMPLEMENTATIONS = YES;
				CLANG_WARN_DIRECT_OBJC_ISA_USAGE = YES_ERROR;
				CLANG_WARN_DOCUMENTATION_COMMENTS = YES;
				CLANG_WARN_EMPTY_BODY = YES;
				CLANG_WARN_ENUM_CONVERSION = YES;
				CLANG_WARN_INFINITE_RECURSION = YES;
				CLANG_WARN_INT_CONVERSION = YES;
				CLANG_WARN_NON_LITERAL_NULL_CONVERSION = YES;
				CLANG_WARN_OBJC_IMPLICIT_RETAIN_SELF = YES;
				CLANG_WARN_OBJC_LITERAL_CONVERSION = YES;
				CLANG_WARN_OBJC_ROOT_CLASS = YES_ERROR;
				CLANG_WARN_RANGE_LOOP_ANALYSIS = YES;
				CLANG_WARN_STRICT_PROTOTYPES = YES;
				CLANG_WARN_SUSPICIOUS_MOVE = YES;
				CLANG_WARN_UNGUARDED_AVAILABILITY = YES_AGGRESSIVE;
				CLANG_WARN_UNREACHABLE_CODE = YES;
				CLANG_WARN__DUPLICATE_METHOD_MATCH = YES;
				COPY_PHASE_STRIP = NO;
				DEBUG_INFORMATION_FORMAT = "dwarf-with-dsym";
				ENABLE_NS_ASSERTIONS = NO;
				ENABLE_STRICT_OBJC_MSGSEND = YES;
				GCC_C_LANGUAGE_STANDARD = gnu11;
				GCC_NO_COMMON_BLOCKS = YES;
				GCC_WARN_64_TO_32_BIT_CONVERSION = YES;
				GCC_WARN_ABOUT_RETURN_TYPE = YES_ERROR;
				GCC_WARN_UNDECLARED_SELECTOR = YES;
				GCC_WARN_UNINITIALIZED_AUTOS = YES_AGGRESSIVE;
				GCC_WARN_UNUSED_FUNCTION = YES;
				GCC_WARN_UNUSED_VARIABLE = YES;
				IPHONEOS_DEPLOYMENT_TARGET = 11.0;
				MTL_ENABLE_DEBUG_INFO = NO;
				MTL_FAST_MATH = YES;
				SDKROOT = iphoneos;
				SWIFT_COMPILATION_MODE = wholemodule;
				SWIFT_OPTIMIZATION_LEVEL = "-O";
				VALIDATE_PRODUCT = YES;
			};
			name = Release;
		};
		CF646080251B905E00C03F2D /* Debug */ = {
			isa = XCBuildConfiguration;
			baseConfigurationReference = 9D5D5A1992C2EB6C34E75A12 /* Pods-SoundCloud.debug.xcconfig */;
			buildSettings = {
				ASSETCATALOG_COMPILER_APPICON_NAME = AppIcon;
				CODE_SIGN_STYLE = Automatic;
				DEVELOPMENT_TEAM = 98LCVSKDA3;
				ENABLE_PREVIEWS = YES;
				INFOPLIST_FILE = SoundCloud/Info.plist;
				IPHONEOS_DEPLOYMENT_TARGET = 11.0;
				LD_RUNPATH_SEARCH_PATHS = (
					"$(inherited)",
					"@executable_path/Frameworks",
				);
				PRODUCT_BUNDLE_IDENTIFIER = com.trunghieudang.SoundCloud;
				PRODUCT_NAME = "$(TARGET_NAME)";
				SWIFT_VERSION = 5.0;
				TARGETED_DEVICE_FAMILY = "1,2";
			};
			name = Debug;
		};
		CF646081251B905E00C03F2D /* Release */ = {
			isa = XCBuildConfiguration;
			baseConfigurationReference = 736F2D829458E6B7C00B1936 /* Pods-SoundCloud.release.xcconfig */;
			buildSettings = {
				ASSETCATALOG_COMPILER_APPICON_NAME = AppIcon;
				CODE_SIGN_STYLE = Automatic;
				DEVELOPMENT_TEAM = 98LCVSKDA3;
				ENABLE_PREVIEWS = YES;
				INFOPLIST_FILE = SoundCloud/Info.plist;
				IPHONEOS_DEPLOYMENT_TARGET = 11.0;
				LD_RUNPATH_SEARCH_PATHS = (
					"$(inherited)",
					"@executable_path/Frameworks",
				);
				PRODUCT_BUNDLE_IDENTIFIER = com.trunghieudang.SoundCloud;
				PRODUCT_NAME = "$(TARGET_NAME)";
				SWIFT_VERSION = 5.0;
				TARGETED_DEVICE_FAMILY = "1,2";
			};
			name = Release;
		};
/* End XCBuildConfiguration section */

/* Begin XCConfigurationList section */
		CF646050251B905D00C03F2D /* Build configuration list for PBXProject "SoundCloud" */ = {
			isa = XCConfigurationList;
			buildConfigurations = (
				CF64607D251B905E00C03F2D /* Debug */,
				CF64607E251B905E00C03F2D /* Release */,
			);
			defaultConfigurationIsVisible = 0;
			defaultConfigurationName = Release;
		};
		CF64607F251B905E00C03F2D /* Build configuration list for PBXNativeTarget "SoundCloud" */ = {
			isa = XCConfigurationList;
			buildConfigurations = (
				CF646080251B905E00C03F2D /* Debug */,
				CF646081251B905E00C03F2D /* Release */,
			);
			defaultConfigurationIsVisible = 0;
			defaultConfigurationName = Release;
		};
/* End XCConfigurationList section */
	};
	rootObject = CF64604D251B905D00C03F2D /* Project object */;
}
